// !$*UTF8*$!
{
	archiveVersion = 1;
	classes = {
	};
	objectVersion = 46;
	objects = {

/* Begin PBXBuildFile section */
		093B26D01BFE3F2400104BD0 /* Main.storyboard in Resources */ = {isa = PBXBuildFile; fileRef = 093B26D21BFE3F2400104BD0 /* Main.storyboard */; };
		093B26D81BFE3FB300104BD0 /* Localizable.strings in Resources */ = {isa = PBXBuildFile; fileRef = 093B26DA1BFE3FB300104BD0 /* Localizable.strings */; };
		095F95731C0484A600E96016 /* YALTabBarItem.m in Sources */ = {isa = PBXBuildFile; fileRef = 095F95641C0484A600E96016 /* YALTabBarItem.m */; };
		095F95741C0484A600E96016 /* YALSpringAnimation.m in Sources */ = {isa = PBXBuildFile; fileRef = 095F95671C0484A600E96016 /* YALSpringAnimation.m */; };
		095F95751C0484A600E96016 /* YALFoldingTabBarController.m in Sources */ = {isa = PBXBuildFile; fileRef = 095F95691C0484A600E96016 /* YALFoldingTabBarController.m */; };
		095F95761C0484A600E96016 /* YALFoldingTabBar.m in Sources */ = {isa = PBXBuildFile; fileRef = 095F956B1C0484A600E96016 /* YALFoldingTabBar.m */; };
		095F95771C0484A600E96016 /* YALAnimatingTabBarConstants.m in Sources */ = {isa = PBXBuildFile; fileRef = 095F956D1C0484A600E96016 /* YALAnimatingTabBarConstants.m */; };
		095F95781C0484A600E96016 /* CATransaction+TransactionWithAnimationsAndCompletion.m in Sources */ = {isa = PBXBuildFile; fileRef = 095F956F1C0484A600E96016 /* CATransaction+TransactionWithAnimationsAndCompletion.m */; };
		095F95791C0484A600E96016 /* CAAnimation+YALTabBarViewAnimations.m in Sources */ = {isa = PBXBuildFile; fileRef = 095F95711C0484A600E96016 /* CAAnimation+YALTabBarViewAnimations.m */; };
		0966B9911BF6BA6800D9B2D0 /* DINRegularAlternate.ttf in Resources */ = {isa = PBXBuildFile; fileRef = 0966B9901BF6BA6800D9B2D0 /* DINRegularAlternate.ttf */; };
		09D81EBD1BEBD06D00AB7719 /* PropertiesTableViewCell.swift in Sources */ = {isa = PBXBuildFile; fileRef = 09D81EBB1BEBD06D00AB7719 /* PropertiesTableViewCell.swift */; };
		09D81EBE1BEBD06D00AB7719 /* PropertiesTableViewCell.xib in Resources */ = {isa = PBXBuildFile; fileRef = 09D81EBC1BEBD06D00AB7719 /* PropertiesTableViewCell.xib */; };
		09F621E71BFA473100B6D291 /* Exo2-Black.otf in Resources */ = {isa = PBXBuildFile; fileRef = 09F621E11BFA473100B6D291 /* Exo2-Black.otf */; };
		09F621E81BFA473100B6D291 /* Exo2-Bold.otf in Resources */ = {isa = PBXBuildFile; fileRef = 09F621E21BFA473100B6D291 /* Exo2-Bold.otf */; };
		09F621E91BFA473100B6D291 /* Exo2-Light.otf in Resources */ = {isa = PBXBuildFile; fileRef = 09F621E31BFA473100B6D291 /* Exo2-Light.otf */; };
		09F621EA1BFA473100B6D291 /* Exo2-Medium.otf in Resources */ = {isa = PBXBuildFile; fileRef = 09F621E41BFA473100B6D291 /* Exo2-Medium.otf */; };
		09F621EB1BFA473100B6D291 /* Exo2-Regular.otf in Resources */ = {isa = PBXBuildFile; fileRef = 09F621E51BFA473100B6D291 /* Exo2-Regular.otf */; };
		09F621EC1BFA473100B6D291 /* Exo2-SemiBold.otf in Resources */ = {isa = PBXBuildFile; fileRef = 09F621E61BFA473100B6D291 /* Exo2-SemiBold.otf */; };
		B00C165E1BF61E9C00317B43 /* buildingIcon.png in Resources */ = {isa = PBXBuildFile; fileRef = B00C16541BF61E9C00317B43 /* buildingIcon.png */; };
		B00C165F1BF61E9C00317B43 /* burgerIcon.png in Resources */ = {isa = PBXBuildFile; fileRef = B00C16551BF61E9C00317B43 /* burgerIcon.png */; };
		B00C16601BF61E9C00317B43 /* franchiseIcon.png in Resources */ = {isa = PBXBuildFile; fileRef = B00C16561BF61E9C00317B43 /* franchiseIcon.png */; };
		B00C16611BF61E9C00317B43 /* fruitIcon.png in Resources */ = {isa = PBXBuildFile; fileRef = B00C16571BF61E9C00317B43 /* fruitIcon.png */; };
		B00C16621BF61E9C00317B43 /* houseIcon.png in Resources */ = {isa = PBXBuildFile; fileRef = B00C16581BF61E9C00317B43 /* houseIcon.png */; };
		B00C16631BF61E9C00317B43 /* jointIcon.png in Resources */ = {isa = PBXBuildFile; fileRef = B00C16591BF61E9C00317B43 /* jointIcon.png */; };
		B00C16641BF61E9C00317B43 /* landIcon.png in Resources */ = {isa = PBXBuildFile; fileRef = B00C165A1BF61E9C00317B43 /* landIcon.png */; };
		B00C16651BF61E9C00317B43 /* popcornIcon.png in Resources */ = {isa = PBXBuildFile; fileRef = B00C165B1BF61E9C00317B43 /* popcornIcon.png */; };
		B00C16661BF61E9C00317B43 /* shopIcon.png in Resources */ = {isa = PBXBuildFile; fileRef = B00C165C1BF61E9C00317B43 /* shopIcon.png */; };
		B00C16671BF61E9C00317B43 /* taxiIcon.png in Resources */ = {isa = PBXBuildFile; fileRef = B00C165D1BF61E9C00317B43 /* taxiIcon.png */; };
		B00C16691BF621BC00317B43 /* popViewBackground.png in Resources */ = {isa = PBXBuildFile; fileRef = B00C16681BF621BC00317B43 /* popViewBackground.png */; };
		B03FBC701BEA54B700CEEC67 /* EnterprisesDAO.swift in Sources */ = {isa = PBXBuildFile; fileRef = B03FBC6F1BEA54B700CEEC67 /* EnterprisesDAO.swift */; };
		B041E5E41BD82A6000D2B44E /* Database.plist in Resources */ = {isa = PBXBuildFile; fileRef = B041E5E31BD82A6000D2B44E /* Database.plist */; };
		B0537BE91BF4B235004AF676 /* EverestOil.png in Resources */ = {isa = PBXBuildFile; fileRef = B0537BE81BF4B235004AF676 /* EverestOil.png */; };
		B0537BED1BF4B2B6004AF676 /* BacompanyHouse.png in Resources */ = {isa = PBXBuildFile; fileRef = B0537BEC1BF4B2B6004AF676 /* BacompanyHouse.png */; };
		B0537BEF1BF4B580004AF676 /* BugSoftwareInc.png in Resources */ = {isa = PBXBuildFile; fileRef = B0537BEE1BF4B580004AF676 /* BugSoftwareInc.png */; };
		B0537BF11BF4B5B7004AF676 /* MrAlwaysYoung.png in Resources */ = {isa = PBXBuildFile; fileRef = B0537BF01BF4B5B7004AF676 /* MrAlwaysYoung.png */; };
		B0537BF31BF4B5CA004AF676 /* ElJuegoZone.png in Resources */ = {isa = PBXBuildFile; fileRef = B0537BF21BF4B5CA004AF676 /* ElJuegoZone.png */; };
		B0537BF51BF4B5DE004AF676 /* TimeNewsCentral.png in Resources */ = {isa = PBXBuildFile; fileRef = B0537BF41BF4B5DE004AF676 /* TimeNewsCentral.png */; };
		B0537BF71BF4B5F7004AF676 /* B&C.png in Resources */ = {isa = PBXBuildFile; fileRef = B0537BF61BF4B5F7004AF676 /* B&C.png */; };
		B0537BF91BF4B607004AF676 /* PhilipHollandBuildings.png in Resources */ = {isa = PBXBuildFile; fileRef = B0537BF81BF4B607004AF676 /* PhilipHollandBuildings.png */; };
		B0537BFB1BF4B624004AF676 /* DumontAircrafts.png in Resources */ = {isa = PBXBuildFile; fileRef = B0537BFA1BF4B624004AF676 /* DumontAircrafts.png */; };
		B0537BFD1BF4B636004AF676 /* FastexSA.png in Resources */ = {isa = PBXBuildFile; fileRef = B0537BFC1BF4B636004AF676 /* FastexSA.png */; };
		B0537C031BF4DB3E004AF676 /* HRInvestmentTableViewCell.swift in Sources */ = {isa = PBXBuildFile; fileRef = B0537C021BF4DB3E004AF676 /* HRInvestmentTableViewCell.swift */; };
		B0537C051BF4DB46004AF676 /* HRInvestmentTableViewCell.xib in Resources */ = {isa = PBXBuildFile; fileRef = B0537C041BF4DB46004AF676 /* HRInvestmentTableViewCell.xib */; };
		B0537C071BF4DB7D004AF676 /* barImage.png in Resources */ = {isa = PBXBuildFile; fileRef = B0537C061BF4DB7D004AF676 /* barImage.png */; };
		B05616561BD822B7004E3B7D /* PlayerDAO.swift in Sources */ = {isa = PBXBuildFile; fileRef = B05616551BD822B7004E3B7D /* PlayerDAO.swift */; };
		B05616581BD822ED004E3B7D /* PListManager.swift in Sources */ = {isa = PBXBuildFile; fileRef = B05616571BD822ED004E3B7D /* PListManager.swift */; };
		B07CC9ED1C04CC4100226FFE /* CDBNotMadeVC.swift in Sources */ = {isa = PBXBuildFile; fileRef = B07CC9EB1C04CC4100226FFE /* CDBNotMadeVC.swift */; };
		B07CC9EE1C04CC4100226FFE /* CDBNotMadeVC.xib in Resources */ = {isa = PBXBuildFile; fileRef = B07CC9EC1C04CC4100226FFE /* CDBNotMadeVC.xib */; };
		B07CC9F11C04E24500226FFE /* CDBMade.swift in Sources */ = {isa = PBXBuildFile; fileRef = B07CC9EF1C04E24500226FFE /* CDBMade.swift */; };
		B07CC9F21C04E24500226FFE /* CDBMade.xib in Resources */ = {isa = PBXBuildFile; fileRef = B07CC9F01C04E24500226FFE /* CDBMade.xib */; };
		B094CF6F1C06026400C933AD /* AppUIColors.swift in Sources */ = {isa = PBXBuildFile; fileRef = B094CF6E1C06026400C933AD /* AppUIColors.swift */; };
		B09A6ADB1BFB672D00339D6A /* PropertiesManager.swift in Sources */ = {isa = PBXBuildFile; fileRef = B09A6ADA1BFB672D00339D6A /* PropertiesManager.swift */; };
		B0B766C31BEB9C7C0045528D /* LRInvestmentTableViewCell.swift in Sources */ = {isa = PBXBuildFile; fileRef = B0B766C11BEB9C7C0045528D /* LRInvestmentTableViewCell.swift */; };
		B0B766C41BEB9C7C0045528D /* LRInvestmentTableViewCell.xib in Resources */ = {isa = PBXBuildFile; fileRef = B0B766C21BEB9C7C0045528D /* LRInvestmentTableViewCell.xib */; };
		B0B8DF961C04C4E10075324E /* LowRiskInvestmentManager.swift in Sources */ = {isa = PBXBuildFile; fileRef = B0B8DF951C04C4E10075324E /* LowRiskInvestmentManager.swift */; };
		B0C3AAB81BF35CBC00D8CA03 /* TimerDAO.swift in Sources */ = {isa = PBXBuildFile; fileRef = B0C3AAB71BF35CBC00D8CA03 /* TimerDAO.swift */; };
		B0C846811BD7F0B20092F8EC /* TopBarViewController.swift in Sources */ = {isa = PBXBuildFile; fileRef = B0C8467F1BD7F0B20092F8EC /* TopBarViewController.swift */; };
		B0C846821BD7F0B20092F8EC /* TopBarViewController.xib in Resources */ = {isa = PBXBuildFile; fileRef = B0C846801BD7F0B20092F8EC /* TopBarViewController.xib */; };
		B0C846851BD7FC610092F8EC /* LowRiskInvestmentsVC.swift in Sources */ = {isa = PBXBuildFile; fileRef = B0C846831BD7FC610092F8EC /* LowRiskInvestmentsVC.swift */; };
		B0C846891BD7FD4F0092F8EC /* PropertiesVC.swift in Sources */ = {isa = PBXBuildFile; fileRef = B0C846871BD7FD4F0092F8EC /* PropertiesVC.swift */; };
		B0C8468A1BD7FD4F0092F8EC /* PropertiesVC.xib in Resources */ = {isa = PBXBuildFile; fileRef = B0C846881BD7FD4F0092F8EC /* PropertiesVC.xib */; };
		B0DF04E81BDAABAF0022DCB9 /* ColorBarViewController.swift in Sources */ = {isa = PBXBuildFile; fileRef = B0DF04E71BDAABAF0022DCB9 /* ColorBarViewController.swift */; };
		B0DF04EA1BDAABB70022DCB9 /* ColorBarViewController.xib in Resources */ = {isa = PBXBuildFile; fileRef = B0DF04E91BDAABB70022DCB9 /* ColorBarViewController.xib */; };
		B0F794B21BD6BE8000BC69ED /* AppDelegate.swift in Sources */ = {isa = PBXBuildFile; fileRef = B0F794B11BD6BE8000BC69ED /* AppDelegate.swift */; };
		B0F794B91BD6BE8000BC69ED /* Assets.xcassets in Resources */ = {isa = PBXBuildFile; fileRef = B0F794B81BD6BE8000BC69ED /* Assets.xcassets */; };
		B0F794CA1BD6BF3100BC69ED /* HighRiskInvestmentsVC.swift in Sources */ = {isa = PBXBuildFile; fileRef = B0F794C71BD6BF3100BC69ED /* HighRiskInvestmentsVC.swift */; };
		B0F794CC1BD6BF3100BC69ED /* InvestmentNotMadeVC.swift in Sources */ = {isa = PBXBuildFile; fileRef = B0F794C91BD6BF3100BC69ED /* InvestmentNotMadeVC.swift */; };
		B0F794D31BD6BF4E00BC69ED /* LaunchScreen.storyboard in Resources */ = {isa = PBXBuildFile; fileRef = B0F794CE1BD6BF4E00BC69ED /* LaunchScreen.storyboard */; };
		B0F794D41BD6BF4E00BC69ED /* HighRiskInvestmentsVC.xib in Resources */ = {isa = PBXBuildFile; fileRef = B0F794CF1BD6BF4E00BC69ED /* HighRiskInvestmentsVC.xib */; };
		B0F794D61BD6BF4E00BC69ED /* InvestmentNotMadeVC.xib in Resources */ = {isa = PBXBuildFile; fileRef = B0F794D11BD6BF4E00BC69ED /* InvestmentNotMadeVC.xib */; };
		B0F794E71BD6BF5600BC69ED /* AppData.swift in Sources */ = {isa = PBXBuildFile; fileRef = B0F794D71BD6BF5600BC69ED /* AppData.swift */; };
		B0F794E81BD6BF5600BC69ED /* Timer.swift in Sources */ = {isa = PBXBuildFile; fileRef = B0F794D81BD6BF5600BC69ED /* Timer.swift */; };
		B0F794EA1BD6BF5600BC69ED /* EnterpriseProperties.swift in Sources */ = {isa = PBXBuildFile; fileRef = B0F794DA1BD6BF5600BC69ED /* EnterpriseProperties.swift */; };
		B0F794EC1BD6BF5600BC69ED /* GoalProperties.swift in Sources */ = {isa = PBXBuildFile; fileRef = B0F794DC1BD6BF5600BC69ED /* GoalProperties.swift */; };
		B0F794ED1BD6BF5600BC69ED /* HighRiskInvestmentManager.swift in Sources */ = {isa = PBXBuildFile; fileRef = B0F794DD1BD6BF5600BC69ED /* HighRiskInvestmentManager.swift */; };
		B0F794EE1BD6BF5600BC69ED /* Player.swift in Sources */ = {isa = PBXBuildFile; fileRef = B0F794DE1BD6BF5600BC69ED /* Player.swift */; };
		B0F794EF1BD6BF5600BC69ED /* Goal.swift in Sources */ = {isa = PBXBuildFile; fileRef = B0F794DF1BD6BF5600BC69ED /* Goal.swift */; };
		B0F794F01BD6BF5600BC69ED /* Tip.swift in Sources */ = {isa = PBXBuildFile; fileRef = B0F794E01BD6BF5600BC69ED /* Tip.swift */; };
		B0F794F11BD6BF5600BC69ED /* Property.swift in Sources */ = {isa = PBXBuildFile; fileRef = B0F794E11BD6BF5600BC69ED /* Property.swift */; };
		B0F794F21BD6BF5600BC69ED /* PropertyProperties.swift in Sources */ = {isa = PBXBuildFile; fileRef = B0F794E21BD6BF5600BC69ED /* PropertyProperties.swift */; };
		B0F794F31BD6BF5600BC69ED /* Investment.swift in Sources */ = {isa = PBXBuildFile; fileRef = B0F794E31BD6BF5600BC69ED /* Investment.swift */; };
		B0F794F41BD6BF5600BC69ED /* LowRiskInvestment.swift in Sources */ = {isa = PBXBuildFile; fileRef = B0F794E41BD6BF5600BC69ED /* LowRiskInvestment.swift */; };
		B0F794F51BD6BF5600BC69ED /* HighRiskInvestment.swift in Sources */ = {isa = PBXBuildFile; fileRef = B0F794E51BD6BF5600BC69ED /* HighRiskInvestment.swift */; };
		B0F794F61BD6BF5600BC69ED /* Enterprise.swift in Sources */ = {isa = PBXBuildFile; fileRef = B0F794E61BD6BF5600BC69ED /* Enterprise.swift */; };
		B0F795041BD6BF6400BC69ED /* ArrowUp.png in Resources */ = {isa = PBXBuildFile; fileRef = B0F794F71BD6BF6400BC69ED /* ArrowUp.png */; };
		B0F7950A1BD6BF6400BC69ED /* closeButton.png in Resources */ = {isa = PBXBuildFile; fileRef = B0F794FD1BD6BF6400BC69ED /* closeButton.png */; };
		B0F7950D1BD6BF6400BC69ED /* fast.png in Resources */ = {isa = PBXBuildFile; fileRef = B0F795001BD6BF6400BC69ED /* fast.png */; };
		B0F795101BD6BF6400BC69ED /* goalsIcon.png in Resources */ = {isa = PBXBuildFile; fileRef = B0F795031BD6BF6400BC69ED /* goalsIcon.png */; };
		B0F8C7911BFA75A9006980B9 /* PropertiesDetailsVC.swift in Sources */ = {isa = PBXBuildFile; fileRef = B0F8C78F1BFA75A9006980B9 /* PropertiesDetailsVC.swift */; };
		B0F8C7921BFA75A9006980B9 /* PropertiesDetailsVC.xib in Resources */ = {isa = PBXBuildFile; fileRef = B0F8C7901BFA75A9006980B9 /* PropertiesDetailsVC.xib */; };
		BE6A89191BD94BE0006DFEAD /* EnterpriseValueUpdater.swift in Sources */ = {isa = PBXBuildFile; fileRef = BE6A89181BD94BE0006DFEAD /* EnterpriseValueUpdater.swift */; };
		BE6A891C1BD94ECD006DFEAD /* InvestmentMadeVC.swift in Sources */ = {isa = PBXBuildFile; fileRef = BE6A891A1BD94ECD006DFEAD /* InvestmentMadeVC.swift */; };
		BE6A891D1BD94ECD006DFEAD /* InvestmentMadeVC.xib in Resources */ = {isa = PBXBuildFile; fileRef = BE6A891B1BD94ECD006DFEAD /* InvestmentMadeVC.xib */; };
		F33BB7141BFE0F98002A9588 /* GoalsCell.swift in Sources */ = {isa = PBXBuildFile; fileRef = F33BB7121BFE0F98002A9588 /* GoalsCell.swift */; };
		F33BB7151BFE0F98002A9588 /* GoalsCell.xib in Resources */ = {isa = PBXBuildFile; fileRef = F33BB7131BFE0F98002A9588 /* GoalsCell.xib */; };
		F37BFDDA1BF50B0900DA188A /* GoalsVC.swift in Sources */ = {isa = PBXBuildFile; fileRef = F37BFDD81BF50B0900DA188A /* GoalsVC.swift */; };
		F37BFDDB1BF50B0900DA188A /* GoalsVC.xib in Resources */ = {isa = PBXBuildFile; fileRef = F37BFDD91BF50B0900DA188A /* GoalsVC.xib */; };
		F3E020BA1BE15131001C28E1 /* LowRiskInvestmentsVC.xib in Resources */ = {isa = PBXBuildFile; fileRef = F3E020B91BE15131001C28E1 /* LowRiskInvestmentsVC.xib */; };
		F3EE36741BF1111D0011A655 /* SavingAccountVC.swift in Sources */ = {isa = PBXBuildFile; fileRef = F3EE36721BF1111D0011A655 /* SavingAccountVC.swift */; };
		F3EE36751BF1111D0011A655 /* SavingAccountVC.xib in Resources */ = {isa = PBXBuildFile; fileRef = F3EE36731BF1111D0011A655 /* SavingAccountVC.xib */; };
		F3EE36771BF11E310011A655 /* LRIProperties.swift in Sources */ = {isa = PBXBuildFile; fileRef = F3EE36761BF11E310011A655 /* LRIProperties.swift */; };
/* End PBXBuildFile section */

/* Begin PBXFileReference section */
		093B26D11BFE3F2400104BD0 /* Base */ = {isa = PBXFileReference; lastKnownFileType = file.storyboard; name = Base; path = Base.lproj/Main.storyboard; sourceTree = "<group>"; };
		093B26D31BFE3F5800104BD0 /* pt-BR */ = {isa = PBXFileReference; lastKnownFileType = text.plist.strings; name = "pt-BR"; path = "pt-BR.lproj/Main.strings"; sourceTree = "<group>"; };
		093B26D91BFE3FB300104BD0 /* en */ = {isa = PBXFileReference; lastKnownFileType = text.plist.strings; name = en; path = en.lproj/Localizable.strings; sourceTree = "<group>"; };
		093B26DB1BFE3FB800104BD0 /* pt-BR */ = {isa = PBXFileReference; lastKnownFileType = text.plist.strings; name = "pt-BR"; path = "pt-BR.lproj/Localizable.strings"; sourceTree = "<group>"; };
		093B26DD1BFE4B7E00104BD0 /* en */ = {isa = PBXFileReference; lastKnownFileType = text.plist.strings; name = en; path = en.lproj/Main.strings; sourceTree = "<group>"; };
		095F95641C0484A600E96016 /* YALTabBarItem.m */ = {isa = PBXFileReference; fileEncoding = 4; lastKnownFileType = sourcecode.c.objc; path = YALTabBarItem.m; sourceTree = "<group>"; };
		095F95651C0484A600E96016 /* YALTabBarItem.h */ = {isa = PBXFileReference; fileEncoding = 4; lastKnownFileType = sourcecode.c.h; path = YALTabBarItem.h; sourceTree = "<group>"; };
		095F95661C0484A600E96016 /* YALTabBarInteracting.h */ = {isa = PBXFileReference; fileEncoding = 4; lastKnownFileType = sourcecode.c.h; path = YALTabBarInteracting.h; sourceTree = "<group>"; };
		095F95671C0484A600E96016 /* YALSpringAnimation.m */ = {isa = PBXFileReference; fileEncoding = 4; lastKnownFileType = sourcecode.c.objc; path = YALSpringAnimation.m; sourceTree = "<group>"; };
		095F95681C0484A600E96016 /* YALSpringAnimation.h */ = {isa = PBXFileReference; fileEncoding = 4; lastKnownFileType = sourcecode.c.h; path = YALSpringAnimation.h; sourceTree = "<group>"; };
		095F95691C0484A600E96016 /* YALFoldingTabBarController.m */ = {isa = PBXFileReference; fileEncoding = 4; lastKnownFileType = sourcecode.c.objc; path = YALFoldingTabBarController.m; sourceTree = "<group>"; };
		095F956A1C0484A600E96016 /* YALFoldingTabBarController.h */ = {isa = PBXFileReference; fileEncoding = 4; lastKnownFileType = sourcecode.c.h; path = YALFoldingTabBarController.h; sourceTree = "<group>"; };
		095F956B1C0484A600E96016 /* YALFoldingTabBar.m */ = {isa = PBXFileReference; fileEncoding = 4; lastKnownFileType = sourcecode.c.objc; path = YALFoldingTabBar.m; sourceTree = "<group>"; };
		095F956C1C0484A600E96016 /* YALFoldingTabBar.h */ = {isa = PBXFileReference; fileEncoding = 4; lastKnownFileType = sourcecode.c.h; path = YALFoldingTabBar.h; sourceTree = "<group>"; };
		095F956D1C0484A600E96016 /* YALAnimatingTabBarConstants.m */ = {isa = PBXFileReference; fileEncoding = 4; lastKnownFileType = sourcecode.c.objc; path = YALAnimatingTabBarConstants.m; sourceTree = "<group>"; };
		095F956E1C0484A600E96016 /* YALAnimatingTabBarConstants.h */ = {isa = PBXFileReference; fileEncoding = 4; lastKnownFileType = sourcecode.c.h; path = YALAnimatingTabBarConstants.h; sourceTree = "<group>"; };
		095F956F1C0484A600E96016 /* CATransaction+TransactionWithAnimationsAndCompletion.m */ = {isa = PBXFileReference; fileEncoding = 4; lastKnownFileType = sourcecode.c.objc; path = "CATransaction+TransactionWithAnimationsAndCompletion.m"; sourceTree = "<group>"; };
		095F95701C0484A600E96016 /* CATransaction+TransactionWithAnimationsAndCompletion.h */ = {isa = PBXFileReference; fileEncoding = 4; lastKnownFileType = sourcecode.c.h; path = "CATransaction+TransactionWithAnimationsAndCompletion.h"; sourceTree = "<group>"; };
		095F95711C0484A600E96016 /* CAAnimation+YALTabBarViewAnimations.m */ = {isa = PBXFileReference; fileEncoding = 4; lastKnownFileType = sourcecode.c.objc; path = "CAAnimation+YALTabBarViewAnimations.m"; sourceTree = "<group>"; };
		095F95721C0484A600E96016 /* CAAnimation+YALTabBarViewAnimations.h */ = {isa = PBXFileReference; fileEncoding = 4; lastKnownFileType = sourcecode.c.h; path = "CAAnimation+YALTabBarViewAnimations.h"; sourceTree = "<group>"; };
		0966B98F1BF6B71100D9B2D0 /* DINRegularAlternate.ttf */ = {isa = PBXFileReference; lastKnownFileType = file; path = DINRegularAlternate.ttf; sourceTree = "<group>"; };
		0966B9901BF6BA6800D9B2D0 /* DINRegularAlternate.ttf */ = {isa = PBXFileReference; lastKnownFileType = file; name = DINRegularAlternate.ttf; path = ../DINRegularAlternate.ttf; sourceTree = "<group>"; };
		0966CC671C04820100805647 /* P.I.G-Bridging-Header.h */ = {isa = PBXFileReference; fileEncoding = 4; lastKnownFileType = sourcecode.c.h; path = "P.I.G-Bridging-Header.h"; sourceTree = "<group>"; };
		09D81EBB1BEBD06D00AB7719 /* PropertiesTableViewCell.swift */ = {isa = PBXFileReference; fileEncoding = 4; lastKnownFileType = sourcecode.swift; path = PropertiesTableViewCell.swift; sourceTree = "<group>"; };
		09D81EBC1BEBD06D00AB7719 /* PropertiesTableViewCell.xib */ = {isa = PBXFileReference; fileEncoding = 4; lastKnownFileType = file.xib; path = PropertiesTableViewCell.xib; sourceTree = "<group>"; };
		09F621E11BFA473100B6D291 /* Exo2-Black.otf */ = {isa = PBXFileReference; lastKnownFileType = file; name = "Exo2-Black.otf"; path = "../Exo2-Black.otf"; sourceTree = "<group>"; };
		09F621E21BFA473100B6D291 /* Exo2-Bold.otf */ = {isa = PBXFileReference; lastKnownFileType = file; name = "Exo2-Bold.otf"; path = "../Exo2-Bold.otf"; sourceTree = "<group>"; };
		09F621E31BFA473100B6D291 /* Exo2-Light.otf */ = {isa = PBXFileReference; lastKnownFileType = file; name = "Exo2-Light.otf"; path = "../Exo2-Light.otf"; sourceTree = "<group>"; };
		09F621E41BFA473100B6D291 /* Exo2-Medium.otf */ = {isa = PBXFileReference; lastKnownFileType = file; name = "Exo2-Medium.otf"; path = "../Exo2-Medium.otf"; sourceTree = "<group>"; };
		09F621E51BFA473100B6D291 /* Exo2-Regular.otf */ = {isa = PBXFileReference; lastKnownFileType = file; name = "Exo2-Regular.otf"; path = "../Exo2-Regular.otf"; sourceTree = "<group>"; };
		09F621E61BFA473100B6D291 /* Exo2-SemiBold.otf */ = {isa = PBXFileReference; lastKnownFileType = file; name = "Exo2-SemiBold.otf"; path = "../Exo2-SemiBold.otf"; sourceTree = "<group>"; };
		B00C16541BF61E9C00317B43 /* buildingIcon.png */ = {isa = PBXFileReference; lastKnownFileType = image.png; path = buildingIcon.png; sourceTree = "<group>"; };
		B00C16551BF61E9C00317B43 /* burgerIcon.png */ = {isa = PBXFileReference; lastKnownFileType = image.png; path = burgerIcon.png; sourceTree = "<group>"; };
		B00C16561BF61E9C00317B43 /* franchiseIcon.png */ = {isa = PBXFileReference; lastKnownFileType = image.png; path = franchiseIcon.png; sourceTree = "<group>"; };
		B00C16571BF61E9C00317B43 /* fruitIcon.png */ = {isa = PBXFileReference; lastKnownFileType = image.png; path = fruitIcon.png; sourceTree = "<group>"; };
		B00C16581BF61E9C00317B43 /* houseIcon.png */ = {isa = PBXFileReference; lastKnownFileType = image.png; path = houseIcon.png; sourceTree = "<group>"; };
		B00C16591BF61E9C00317B43 /* jointIcon.png */ = {isa = PBXFileReference; lastKnownFileType = image.png; path = jointIcon.png; sourceTree = "<group>"; };
		B00C165A1BF61E9C00317B43 /* landIcon.png */ = {isa = PBXFileReference; lastKnownFileType = image.png; path = landIcon.png; sourceTree = "<group>"; };
		B00C165B1BF61E9C00317B43 /* popcornIcon.png */ = {isa = PBXFileReference; lastKnownFileType = image.png; path = popcornIcon.png; sourceTree = "<group>"; };
		B00C165C1BF61E9C00317B43 /* shopIcon.png */ = {isa = PBXFileReference; lastKnownFileType = image.png; path = shopIcon.png; sourceTree = "<group>"; };
		B00C165D1BF61E9C00317B43 /* taxiIcon.png */ = {isa = PBXFileReference; lastKnownFileType = image.png; path = taxiIcon.png; sourceTree = "<group>"; };
		B00C16681BF621BC00317B43 /* popViewBackground.png */ = {isa = PBXFileReference; lastKnownFileType = image.png; path = popViewBackground.png; sourceTree = "<group>"; };
		B03FBC6F1BEA54B700CEEC67 /* EnterprisesDAO.swift */ = {isa = PBXFileReference; fileEncoding = 4; lastKnownFileType = sourcecode.swift; path = EnterprisesDAO.swift; sourceTree = "<group>"; };
		B041E5E31BD82A6000D2B44E /* Database.plist */ = {isa = PBXFileReference; fileEncoding = 4; lastKnownFileType = text.plist.xml; path = Database.plist; sourceTree = "<group>"; };
		B0537BE81BF4B235004AF676 /* EverestOil.png */ = {isa = PBXFileReference; lastKnownFileType = image.png; path = EverestOil.png; sourceTree = "<group>"; };
		B0537BEC1BF4B2B6004AF676 /* BacompanyHouse.png */ = {isa = PBXFileReference; lastKnownFileType = image.png; path = BacompanyHouse.png; sourceTree = "<group>"; };
		B0537BEE1BF4B580004AF676 /* BugSoftwareInc.png */ = {isa = PBXFileReference; lastKnownFileType = image.png; path = BugSoftwareInc.png; sourceTree = "<group>"; };
		B0537BF01BF4B5B7004AF676 /* MrAlwaysYoung.png */ = {isa = PBXFileReference; lastKnownFileType = image.png; path = MrAlwaysYoung.png; sourceTree = "<group>"; };
		B0537BF21BF4B5CA004AF676 /* ElJuegoZone.png */ = {isa = PBXFileReference; lastKnownFileType = image.png; path = ElJuegoZone.png; sourceTree = "<group>"; };
		B0537BF41BF4B5DE004AF676 /* TimeNewsCentral.png */ = {isa = PBXFileReference; lastKnownFileType = image.png; path = TimeNewsCentral.png; sourceTree = "<group>"; };
		B0537BF61BF4B5F7004AF676 /* B&C.png */ = {isa = PBXFileReference; lastKnownFileType = image.png; path = "B&C.png"; sourceTree = "<group>"; };
		B0537BF81BF4B607004AF676 /* PhilipHollandBuildings.png */ = {isa = PBXFileReference; lastKnownFileType = image.png; path = PhilipHollandBuildings.png; sourceTree = "<group>"; };
		B0537BFA1BF4B624004AF676 /* DumontAircrafts.png */ = {isa = PBXFileReference; lastKnownFileType = image.png; path = DumontAircrafts.png; sourceTree = "<group>"; };
		B0537BFC1BF4B636004AF676 /* FastexSA.png */ = {isa = PBXFileReference; lastKnownFileType = image.png; path = FastexSA.png; sourceTree = "<group>"; };
		B0537C021BF4DB3E004AF676 /* HRInvestmentTableViewCell.swift */ = {isa = PBXFileReference; fileEncoding = 4; lastKnownFileType = sourcecode.swift; path = HRInvestmentTableViewCell.swift; sourceTree = "<group>"; };
		B0537C041BF4DB46004AF676 /* HRInvestmentTableViewCell.xib */ = {isa = PBXFileReference; fileEncoding = 4; lastKnownFileType = file.xib; path = HRInvestmentTableViewCell.xib; sourceTree = "<group>"; };
		B0537C061BF4DB7D004AF676 /* barImage.png */ = {isa = PBXFileReference; lastKnownFileType = image.png; path = barImage.png; sourceTree = "<group>"; };
		B05616551BD822B7004E3B7D /* PlayerDAO.swift */ = {isa = PBXFileReference; fileEncoding = 4; lastKnownFileType = sourcecode.swift; path = PlayerDAO.swift; sourceTree = "<group>"; };
		B05616571BD822ED004E3B7D /* PListManager.swift */ = {isa = PBXFileReference; fileEncoding = 4; lastKnownFileType = sourcecode.swift; path = PListManager.swift; sourceTree = "<group>"; };
		B07CC9EB1C04CC4100226FFE /* CDBNotMadeVC.swift */ = {isa = PBXFileReference; fileEncoding = 4; lastKnownFileType = sourcecode.swift; path = CDBNotMadeVC.swift; sourceTree = "<group>"; };
		B07CC9EC1C04CC4100226FFE /* CDBNotMadeVC.xib */ = {isa = PBXFileReference; fileEncoding = 4; lastKnownFileType = file.xib; path = CDBNotMadeVC.xib; sourceTree = "<group>"; };
		B07CC9EF1C04E24500226FFE /* CDBMade.swift */ = {isa = PBXFileReference; fileEncoding = 4; lastKnownFileType = sourcecode.swift; path = CDBMade.swift; sourceTree = "<group>"; };
		B07CC9F01C04E24500226FFE /* CDBMade.xib */ = {isa = PBXFileReference; fileEncoding = 4; lastKnownFileType = file.xib; path = CDBMade.xib; sourceTree = "<group>"; };
		B094CF6E1C06026400C933AD /* AppUIColors.swift */ = {isa = PBXFileReference; fileEncoding = 4; lastKnownFileType = sourcecode.swift; path = AppUIColors.swift; sourceTree = "<group>"; };
		B09A6ADA1BFB672D00339D6A /* PropertiesManager.swift */ = {isa = PBXFileReference; fileEncoding = 4; lastKnownFileType = sourcecode.swift; path = PropertiesManager.swift; sourceTree = "<group>"; };
		B0B766C11BEB9C7C0045528D /* LRInvestmentTableViewCell.swift */ = {isa = PBXFileReference; fileEncoding = 4; lastKnownFileType = sourcecode.swift; path = LRInvestmentTableViewCell.swift; sourceTree = "<group>"; };
		B0B766C21BEB9C7C0045528D /* LRInvestmentTableViewCell.xib */ = {isa = PBXFileReference; fileEncoding = 4; lastKnownFileType = file.xib; path = LRInvestmentTableViewCell.xib; sourceTree = "<group>"; };
		B0B8DF951C04C4E10075324E /* LowRiskInvestmentManager.swift */ = {isa = PBXFileReference; fileEncoding = 4; lastKnownFileType = sourcecode.swift; path = LowRiskInvestmentManager.swift; sourceTree = "<group>"; };
		B0C3AAB71BF35CBC00D8CA03 /* TimerDAO.swift */ = {isa = PBXFileReference; fileEncoding = 4; lastKnownFileType = sourcecode.swift; path = TimerDAO.swift; sourceTree = "<group>"; };
		B0C8467F1BD7F0B20092F8EC /* TopBarViewController.swift */ = {isa = PBXFileReference; fileEncoding = 4; lastKnownFileType = sourcecode.swift; path = TopBarViewController.swift; sourceTree = "<group>"; };
		B0C846801BD7F0B20092F8EC /* TopBarViewController.xib */ = {isa = PBXFileReference; fileEncoding = 4; lastKnownFileType = file.xib; path = TopBarViewController.xib; sourceTree = "<group>"; };
		B0C846831BD7FC610092F8EC /* LowRiskInvestmentsVC.swift */ = {isa = PBXFileReference; fileEncoding = 4; lastKnownFileType = sourcecode.swift; path = LowRiskInvestmentsVC.swift; sourceTree = "<group>"; };
		B0C846871BD7FD4F0092F8EC /* PropertiesVC.swift */ = {isa = PBXFileReference; fileEncoding = 4; lastKnownFileType = sourcecode.swift; path = PropertiesVC.swift; sourceTree = "<group>"; };
		B0C846881BD7FD4F0092F8EC /* PropertiesVC.xib */ = {isa = PBXFileReference; fileEncoding = 4; lastKnownFileType = file.xib; path = PropertiesVC.xib; sourceTree = "<group>"; };
		B0DF04E71BDAABAF0022DCB9 /* ColorBarViewController.swift */ = {isa = PBXFileReference; fileEncoding = 4; lastKnownFileType = sourcecode.swift; path = ColorBarViewController.swift; sourceTree = "<group>"; };
		B0DF04E91BDAABB70022DCB9 /* ColorBarViewController.xib */ = {isa = PBXFileReference; fileEncoding = 4; lastKnownFileType = file.xib; path = ColorBarViewController.xib; sourceTree = "<group>"; };
		B0F794AE1BD6BE8000BC69ED /* P.I.G.app */ = {isa = PBXFileReference; explicitFileType = wrapper.application; includeInIndex = 0; path = P.I.G.app; sourceTree = BUILT_PRODUCTS_DIR; };
		B0F794B11BD6BE8000BC69ED /* AppDelegate.swift */ = {isa = PBXFileReference; lastKnownFileType = sourcecode.swift; path = AppDelegate.swift; sourceTree = "<group>"; };
		B0F794B81BD6BE8000BC69ED /* Assets.xcassets */ = {isa = PBXFileReference; lastKnownFileType = folder.assetcatalog; path = Assets.xcassets; sourceTree = "<group>"; };
		B0F794BD1BD6BE8000BC69ED /* Info.plist */ = {isa = PBXFileReference; lastKnownFileType = text.plist.xml; path = Info.plist; sourceTree = "<group>"; };
		B0F794C71BD6BF3100BC69ED /* HighRiskInvestmentsVC.swift */ = {isa = PBXFileReference; fileEncoding = 4; lastKnownFileType = sourcecode.swift; path = HighRiskInvestmentsVC.swift; sourceTree = "<group>"; };
		B0F794C91BD6BF3100BC69ED /* InvestmentNotMadeVC.swift */ = {isa = PBXFileReference; fileEncoding = 4; lastKnownFileType = sourcecode.swift; path = InvestmentNotMadeVC.swift; sourceTree = "<group>"; };
		B0F794CE1BD6BF4E00BC69ED /* LaunchScreen.storyboard */ = {isa = PBXFileReference; fileEncoding = 4; lastKnownFileType = file.storyboard; path = LaunchScreen.storyboard; sourceTree = "<group>"; };
		B0F794CF1BD6BF4E00BC69ED /* HighRiskInvestmentsVC.xib */ = {isa = PBXFileReference; fileEncoding = 4; lastKnownFileType = file.xib; path = HighRiskInvestmentsVC.xib; sourceTree = "<group>"; };
		B0F794D11BD6BF4E00BC69ED /* InvestmentNotMadeVC.xib */ = {isa = PBXFileReference; fileEncoding = 4; lastKnownFileType = file.xib; path = InvestmentNotMadeVC.xib; sourceTree = "<group>"; };
		B0F794D71BD6BF5600BC69ED /* AppData.swift */ = {isa = PBXFileReference; fileEncoding = 4; lastKnownFileType = sourcecode.swift; path = AppData.swift; sourceTree = "<group>"; };
		B0F794D81BD6BF5600BC69ED /* Timer.swift */ = {isa = PBXFileReference; fileEncoding = 4; lastKnownFileType = sourcecode.swift; path = Timer.swift; sourceTree = "<group>"; };
		B0F794DA1BD6BF5600BC69ED /* EnterpriseProperties.swift */ = {isa = PBXFileReference; fileEncoding = 4; lastKnownFileType = sourcecode.swift; path = EnterpriseProperties.swift; sourceTree = "<group>"; };
		B0F794DC1BD6BF5600BC69ED /* GoalProperties.swift */ = {isa = PBXFileReference; fileEncoding = 4; lastKnownFileType = sourcecode.swift; path = GoalProperties.swift; sourceTree = "<group>"; };
		B0F794DD1BD6BF5600BC69ED /* HighRiskInvestmentManager.swift */ = {isa = PBXFileReference; fileEncoding = 4; lastKnownFileType = sourcecode.swift; path = HighRiskInvestmentManager.swift; sourceTree = "<group>"; };
		B0F794DE1BD6BF5600BC69ED /* Player.swift */ = {isa = PBXFileReference; fileEncoding = 4; lastKnownFileType = sourcecode.swift; path = Player.swift; sourceTree = "<group>"; };
		B0F794DF1BD6BF5600BC69ED /* Goal.swift */ = {isa = PBXFileReference; fileEncoding = 4; lastKnownFileType = sourcecode.swift; path = Goal.swift; sourceTree = "<group>"; };
		B0F794E01BD6BF5600BC69ED /* Tip.swift */ = {isa = PBXFileReference; fileEncoding = 4; lastKnownFileType = sourcecode.swift; path = Tip.swift; sourceTree = "<group>"; };
		B0F794E11BD6BF5600BC69ED /* Property.swift */ = {isa = PBXFileReference; fileEncoding = 4; lastKnownFileType = sourcecode.swift; path = Property.swift; sourceTree = "<group>"; };
		B0F794E21BD6BF5600BC69ED /* PropertyProperties.swift */ = {isa = PBXFileReference; fileEncoding = 4; lastKnownFileType = sourcecode.swift; path = PropertyProperties.swift; sourceTree = "<group>"; };
		B0F794E31BD6BF5600BC69ED /* Investment.swift */ = {isa = PBXFileReference; fileEncoding = 4; lastKnownFileType = sourcecode.swift; path = Investment.swift; sourceTree = "<group>"; };
		B0F794E41BD6BF5600BC69ED /* LowRiskInvestment.swift */ = {isa = PBXFileReference; fileEncoding = 4; lastKnownFileType = sourcecode.swift; path = LowRiskInvestment.swift; sourceTree = "<group>"; };
		B0F794E51BD6BF5600BC69ED /* HighRiskInvestment.swift */ = {isa = PBXFileReference; fileEncoding = 4; lastKnownFileType = sourcecode.swift; path = HighRiskInvestment.swift; sourceTree = "<group>"; };
		B0F794E61BD6BF5600BC69ED /* Enterprise.swift */ = {isa = PBXFileReference; fileEncoding = 4; lastKnownFileType = sourcecode.swift; path = Enterprise.swift; sourceTree = "<group>"; };
		B0F794F71BD6BF6400BC69ED /* ArrowUp.png */ = {isa = PBXFileReference; lastKnownFileType = image.png; path = ArrowUp.png; sourceTree = "<group>"; };
		B0F794FD1BD6BF6400BC69ED /* closeButton.png */ = {isa = PBXFileReference; lastKnownFileType = image.png; path = closeButton.png; sourceTree = "<group>"; };
		B0F795001BD6BF6400BC69ED /* fast.png */ = {isa = PBXFileReference; lastKnownFileType = image.png; path = fast.png; sourceTree = "<group>"; };
		B0F795031BD6BF6400BC69ED /* goalsIcon.png */ = {isa = PBXFileReference; lastKnownFileType = image.png; path = goalsIcon.png; sourceTree = "<group>"; };
		B0F8C78F1BFA75A9006980B9 /* PropertiesDetailsVC.swift */ = {isa = PBXFileReference; fileEncoding = 4; lastKnownFileType = sourcecode.swift; path = PropertiesDetailsVC.swift; sourceTree = "<group>"; };
		B0F8C7901BFA75A9006980B9 /* PropertiesDetailsVC.xib */ = {isa = PBXFileReference; fileEncoding = 4; lastKnownFileType = file.xib; path = PropertiesDetailsVC.xib; sourceTree = "<group>"; };
		BE6A89181BD94BE0006DFEAD /* EnterpriseValueUpdater.swift */ = {isa = PBXFileReference; fileEncoding = 4; lastKnownFileType = sourcecode.swift; path = EnterpriseValueUpdater.swift; sourceTree = "<group>"; };
		BE6A891A1BD94ECD006DFEAD /* InvestmentMadeVC.swift */ = {isa = PBXFileReference; fileEncoding = 4; lastKnownFileType = sourcecode.swift; path = InvestmentMadeVC.swift; sourceTree = "<group>"; };
		BE6A891B1BD94ECD006DFEAD /* InvestmentMadeVC.xib */ = {isa = PBXFileReference; fileEncoding = 4; lastKnownFileType = file.xib; path = InvestmentMadeVC.xib; sourceTree = "<group>"; };
		F33BB7121BFE0F98002A9588 /* GoalsCell.swift */ = {isa = PBXFileReference; fileEncoding = 4; lastKnownFileType = sourcecode.swift; name = GoalsCell.swift; path = ../GoalsCell.swift; sourceTree = "<group>"; };
		F33BB7131BFE0F98002A9588 /* GoalsCell.xib */ = {isa = PBXFileReference; fileEncoding = 4; lastKnownFileType = file.xib; name = GoalsCell.xib; path = ../GoalsCell.xib; sourceTree = "<group>"; };
		F37BFDD81BF50B0900DA188A /* GoalsVC.swift */ = {isa = PBXFileReference; fileEncoding = 4; lastKnownFileType = sourcecode.swift; path = GoalsVC.swift; sourceTree = "<group>"; };
		F37BFDD91BF50B0900DA188A /* GoalsVC.xib */ = {isa = PBXFileReference; fileEncoding = 4; lastKnownFileType = file.xib; path = GoalsVC.xib; sourceTree = "<group>"; };
		F3E020B91BE15131001C28E1 /* LowRiskInvestmentsVC.xib */ = {isa = PBXFileReference; fileEncoding = 4; lastKnownFileType = file.xib; path = LowRiskInvestmentsVC.xib; sourceTree = "<group>"; };
		F3EE36721BF1111D0011A655 /* SavingAccountVC.swift */ = {isa = PBXFileReference; fileEncoding = 4; lastKnownFileType = sourcecode.swift; path = SavingAccountVC.swift; sourceTree = "<group>"; };
		F3EE36731BF1111D0011A655 /* SavingAccountVC.xib */ = {isa = PBXFileReference; fileEncoding = 4; lastKnownFileType = file.xib; path = SavingAccountVC.xib; sourceTree = "<group>"; };
		F3EE36761BF11E310011A655 /* LRIProperties.swift */ = {isa = PBXFileReference; fileEncoding = 4; lastKnownFileType = sourcecode.swift; path = LRIProperties.swift; sourceTree = "<group>"; };
/* End PBXFileReference section */

/* Begin PBXFrameworksBuildPhase section */
		B0F794AB1BD6BE8000BC69ED /* Frameworks */ = {
			isa = PBXFrameworksBuildPhase;
			buildActionMask = 2147483647;
			files = (
			);
			runOnlyForDeploymentPostprocessing = 0;
		};
/* End PBXFrameworksBuildPhase section */

/* Begin PBXGroup section */
		095F957A1C0484AD00E96016 /* FoldingTabBar */ = {
			isa = PBXGroup;
			children = (
				095F95641C0484A600E96016 /* YALTabBarItem.m */,
				095F95651C0484A600E96016 /* YALTabBarItem.h */,
				095F95661C0484A600E96016 /* YALTabBarInteracting.h */,
				095F95671C0484A600E96016 /* YALSpringAnimation.m */,
				095F95681C0484A600E96016 /* YALSpringAnimation.h */,
				095F95691C0484A600E96016 /* YALFoldingTabBarController.m */,
				095F956A1C0484A600E96016 /* YALFoldingTabBarController.h */,
				095F956B1C0484A600E96016 /* YALFoldingTabBar.m */,
				095F956C1C0484A600E96016 /* YALFoldingTabBar.h */,
				095F956D1C0484A600E96016 /* YALAnimatingTabBarConstants.m */,
				095F956E1C0484A600E96016 /* YALAnimatingTabBarConstants.h */,
				095F956F1C0484A600E96016 /* CATransaction+TransactionWithAnimationsAndCompletion.m */,
				095F95701C0484A600E96016 /* CATransaction+TransactionWithAnimationsAndCompletion.h */,
				095F95711C0484A600E96016 /* CAAnimation+YALTabBarViewAnimations.m */,
				095F95721C0484A600E96016 /* CAAnimation+YALTabBarViewAnimations.h */,
			);
			name = FoldingTabBar;
			sourceTree = "<group>";
		};
		0966B98E1BF6B70400D9B2D0 /* Font */ = {
			isa = PBXGroup;
			children = (
				09F621E11BFA473100B6D291 /* Exo2-Black.otf */,
				09F621E21BFA473100B6D291 /* Exo2-Bold.otf */,
				09F621E31BFA473100B6D291 /* Exo2-Light.otf */,
				09F621E41BFA473100B6D291 /* Exo2-Medium.otf */,
				09F621E51BFA473100B6D291 /* Exo2-Regular.otf */,
				09F621E61BFA473100B6D291 /* Exo2-SemiBold.otf */,
				0966B9901BF6BA6800D9B2D0 /* DINRegularAlternate.ttf */,
				0966B98F1BF6B71100D9B2D0 /* DINRegularAlternate.ttf */,
			);
			name = Font;
			sourceTree = "<group>";
		};
		096FFA491BEC02A800232C22 /* EnterpriseImages */ = {
			isa = PBXGroup;
			children = (
				B0537BE81BF4B235004AF676 /* EverestOil.png */,
				B0537BEE1BF4B580004AF676 /* BugSoftwareInc.png */,
				B0537BEC1BF4B2B6004AF676 /* BacompanyHouse.png */,
				B0537BF01BF4B5B7004AF676 /* MrAlwaysYoung.png */,
				B0537BF21BF4B5CA004AF676 /* ElJuegoZone.png */,
				B0537BF41BF4B5DE004AF676 /* TimeNewsCentral.png */,
				B0537BF61BF4B5F7004AF676 /* B&C.png */,
				B0537BF81BF4B607004AF676 /* PhilipHollandBuildings.png */,
				B0537BFA1BF4B624004AF676 /* DumontAircrafts.png */,
				B0537BFC1BF4B636004AF676 /* FastexSA.png */,
			);
			name = EnterpriseImages;
			sourceTree = "<group>";
		};
		B00C16531BF61DEE00317B43 /* Properties */ = {
			isa = PBXGroup;
			children = (
				B00C16541BF61E9C00317B43 /* buildingIcon.png */,
				B00C16551BF61E9C00317B43 /* burgerIcon.png */,
				B00C16561BF61E9C00317B43 /* franchiseIcon.png */,
				B00C16571BF61E9C00317B43 /* fruitIcon.png */,
				B00C16581BF61E9C00317B43 /* houseIcon.png */,
				B00C16591BF61E9C00317B43 /* jointIcon.png */,
				B00C165A1BF61E9C00317B43 /* landIcon.png */,
				B00C165B1BF61E9C00317B43 /* popcornIcon.png */,
				B00C165C1BF61E9C00317B43 /* shopIcon.png */,
				B00C165D1BF61E9C00317B43 /* taxiIcon.png */,
			);
			name = Properties;
			sourceTree = "<group>";
		};
		B05616541BD822A9004E3B7D /* DAOs */ = {
			isa = PBXGroup;
			children = (
				B05616571BD822ED004E3B7D /* PListManager.swift */,
				B05616551BD822B7004E3B7D /* PlayerDAO.swift */,
				B03FBC6F1BEA54B700CEEC67 /* EnterprisesDAO.swift */,
				B0C3AAB71BF35CBC00D8CA03 /* TimerDAO.swift */,
			);
			name = DAOs;
			sourceTree = "<group>";
		};
		B0B766C51BEBA1CD0045528D /* Enterprise */ = {
			isa = PBXGroup;
			children = (
				B0F794E61BD6BF5600BC69ED /* Enterprise.swift */,
				B0F794DA1BD6BF5600BC69ED /* EnterpriseProperties.swift */,
				BE6A89181BD94BE0006DFEAD /* EnterpriseValueUpdater.swift */,
			);
			name = Enterprise;
			sourceTree = "<group>";
		};
		B0B766C61BEBA2050045528D /* Investments */ = {
			isa = PBXGroup;
			children = (
				B0F794E31BD6BF5600BC69ED /* Investment.swift */,
				B0F794DD1BD6BF5600BC69ED /* HighRiskInvestmentManager.swift */,
				B0B8DF951C04C4E10075324E /* LowRiskInvestmentManager.swift */,
				B0F794E41BD6BF5600BC69ED /* LowRiskInvestment.swift */,
				F3EE36761BF11E310011A655 /* LRIProperties.swift */,
				B0F794E51BD6BF5600BC69ED /* HighRiskInvestment.swift */,
			);
			name = Investments;
			sourceTree = "<group>";
		};
		B0B766C71BEBA24F0045528D /* Properties */ = {
			isa = PBXGroup;
			children = (
				B0F794E11BD6BF5600BC69ED /* Property.swift */,
				B09A6ADA1BFB672D00339D6A /* PropertiesManager.swift */,
				B0F794E21BD6BF5600BC69ED /* PropertyProperties.swift */,
			);
			name = Properties;
			sourceTree = "<group>";
		};
		B0B766C81BEBA2720045528D /* Goals&Tips */ = {
			isa = PBXGroup;
			children = (
				B0F794DC1BD6BF5600BC69ED /* GoalProperties.swift */,
				B0F794DF1BD6BF5600BC69ED /* Goal.swift */,
				B0F794E01BD6BF5600BC69ED /* Tip.swift */,
			);
			name = "Goals&Tips";
			sourceTree = "<group>";
		};
		B0B766C91BEBA2900045528D /* HighRiskInvestment */ = {
			isa = PBXGroup;
			children = (
				B0F794C71BD6BF3100BC69ED /* HighRiskInvestmentsVC.swift */,
				B0537C021BF4DB3E004AF676 /* HRInvestmentTableViewCell.swift */,
				B0F794C91BD6BF3100BC69ED /* InvestmentNotMadeVC.swift */,
				BE6A891A1BD94ECD006DFEAD /* InvestmentMadeVC.swift */,
				B0DF04E71BDAABAF0022DCB9 /* ColorBarViewController.swift */,
			);
			name = HighRiskInvestment;
			sourceTree = "<group>";
		};
		B0B766CA1BEBA2B50045528D /* LowRiskInvestment */ = {
			isa = PBXGroup;
			children = (
				B0C846831BD7FC610092F8EC /* LowRiskInvestmentsVC.swift */,
				B0B766C11BEB9C7C0045528D /* LRInvestmentTableViewCell.swift */,
				F3EE36721BF1111D0011A655 /* SavingAccountVC.swift */,
				B07CC9EB1C04CC4100226FFE /* CDBNotMadeVC.swift */,
				B07CC9EF1C04E24500226FFE /* CDBMade.swift */,
			);
			name = LowRiskInvestment;
			sourceTree = "<group>";
		};
		B0B766CB1BEBA2EF0045528D /* Properties */ = {
			isa = PBXGroup;
			children = (
				B0C846871BD7FD4F0092F8EC /* PropertiesVC.swift */,
				09D81EBB1BEBD06D00AB7719 /* PropertiesTableViewCell.swift */,
				B0F8C78F1BFA75A9006980B9 /* PropertiesDetailsVC.swift */,
			);
			name = Properties;
			sourceTree = "<group>";
		};
		B0B766CC1BEBA3D40045528D /* HighRiskInvestment */ = {
			isa = PBXGroup;
			children = (
				B0F794CF1BD6BF4E00BC69ED /* HighRiskInvestmentsVC.xib */,
				B0537C041BF4DB46004AF676 /* HRInvestmentTableViewCell.xib */,
				BE6A891B1BD94ECD006DFEAD /* InvestmentMadeVC.xib */,
				B0F794D11BD6BF4E00BC69ED /* InvestmentNotMadeVC.xib */,
				B0DF04E91BDAABB70022DCB9 /* ColorBarViewController.xib */,
			);
			name = HighRiskInvestment;
			sourceTree = "<group>";
		};
		B0B766CD1BEBA5970045528D /* LowRiskInvestment */ = {
			isa = PBXGroup;
			children = (
				F3E020B91BE15131001C28E1 /* LowRiskInvestmentsVC.xib */,
				B0B766C21BEB9C7C0045528D /* LRInvestmentTableViewCell.xib */,
				F3EE36731BF1111D0011A655 /* SavingAccountVC.xib */,
				B07CC9EC1C04CC4100226FFE /* CDBNotMadeVC.xib */,
				B07CC9F01C04E24500226FFE /* CDBMade.xib */,
			);
			name = LowRiskInvestment;
			sourceTree = "<group>";
		};
		B0B766CE1BEBA5C50045528D /* Properties */ = {
			isa = PBXGroup;
			children = (
				B0C846881BD7FD4F0092F8EC /* PropertiesVC.xib */,
				B0F8C7901BFA75A9006980B9 /* PropertiesDetailsVC.xib */,
				09D81EBC1BEBD06D00AB7719 /* PropertiesTableViewCell.xib */,
			);
			name = Properties;
			sourceTree = "<group>";
		};
		B0F794A51BD6BE8000BC69ED = {
			isa = PBXGroup;
			children = (
				B0F794B01BD6BE8000BC69ED /* P.I.G */,
				B0F794AF1BD6BE8000BC69ED /* Products */,
			);
			sourceTree = "<group>";
		};
		B0F794AF1BD6BE8000BC69ED /* Products */ = {
			isa = PBXGroup;
			children = (
				B0F794AE1BD6BE8000BC69ED /* P.I.G.app */,
			);
			name = Products;
			sourceTree = "<group>";
		};
		B0F794B01BD6BE8000BC69ED /* P.I.G */ = {
			isa = PBXGroup;
			children = (
				B0F794B11BD6BE8000BC69ED /* AppDelegate.swift */,
				0966CC671C04820100805647 /* P.I.G-Bridging-Header.h */,
				B041E5E31BD82A6000D2B44E /* Database.plist */,
				B0F794C51BD6BEE200BC69ED /* Controller */,
				B0F794C41BD6BEDD00BC69ED /* View */,
				B0F794C31BD6BED300BC69ED /* Model */,
				B0F794C61BD6BF0B00BC69ED /* SupportingFiles */,
				B0F794B81BD6BE8000BC69ED /* Assets.xcassets */,
				B0F794BD1BD6BE8000BC69ED /* Info.plist */,
			);
			path = P.I.G;
			sourceTree = "<group>";
		};
		B0F794C31BD6BED300BC69ED /* Model */ = {
			isa = PBXGroup;
			children = (
				093B26DA1BFE3FB300104BD0 /* Localizable.strings */,
				B0F794D71BD6BF5600BC69ED /* AppData.swift */,
				B0F794D81BD6BF5600BC69ED /* Timer.swift */,
				B0F794DE1BD6BF5600BC69ED /* Player.swift */,
				B05616541BD822A9004E3B7D /* DAOs */,
				B0B766C51BEBA1CD0045528D /* Enterprise */,
				B0B766C61BEBA2050045528D /* Investments */,
				B0B766C71BEBA24F0045528D /* Properties */,
				B0B766C81BEBA2720045528D /* Goals&Tips */,
			);
			name = Model;
			sourceTree = "<group>";
		};
		B0F794C41BD6BEDD00BC69ED /* View */ = {
			isa = PBXGroup;
			children = (
				B0F794CE1BD6BF4E00BC69ED /* LaunchScreen.storyboard */,
				093B26D21BFE3F2400104BD0 /* Main.storyboard */,
				B0C846801BD7F0B20092F8EC /* TopBarViewController.xib */,
				B094CF6E1C06026400C933AD /* AppUIColors.swift */,
				F37BFDDC1BF50B2A00DA188A /* Goals */,
				B0B766CC1BEBA3D40045528D /* HighRiskInvestment */,
				B0B766CD1BEBA5970045528D /* LowRiskInvestment */,
				B0B766CE1BEBA5C50045528D /* Properties */,
			);
			name = View;
			sourceTree = "<group>";
		};
		B0F794C51BD6BEE200BC69ED /* Controller */ = {
			isa = PBXGroup;
			children = (
				B0C8467F1BD7F0B20092F8EC /* TopBarViewController.swift */,
				F33BB7161BFE11D8002A9588 /* Goals */,
				B0B766C91BEBA2900045528D /* HighRiskInvestment */,
				B0B766CA1BEBA2B50045528D /* LowRiskInvestment */,
				B0B766CB1BEBA2EF0045528D /* Properties */,
			);
			name = Controller;
			sourceTree = "<group>";
		};
		B0F794C61BD6BF0B00BC69ED /* SupportingFiles */ = {
			isa = PBXGroup;
			children = (
				095F957A1C0484AD00E96016 /* FoldingTabBar */,
				0966B98E1BF6B70400D9B2D0 /* Font */,
				B00C16531BF61DEE00317B43 /* Properties */,
				B0537C061BF4DB7D004AF676 /* barImage.png */,
				F37BFDD31BF4D67400DA188A /* LowRisk */,
				096FFA491BEC02A800232C22 /* EnterpriseImages */,
				B0F794F71BD6BF6400BC69ED /* ArrowUp.png */,
				B0F794FD1BD6BF6400BC69ED /* closeButton.png */,
				B00C16681BF621BC00317B43 /* popViewBackground.png */,
				B0F795001BD6BF6400BC69ED /* fast.png */,
				B0F795031BD6BF6400BC69ED /* goalsIcon.png */,
			);
			name = SupportingFiles;
			sourceTree = "<group>";
		};
		F33BB7161BFE11D8002A9588 /* Goals */ = {
			isa = PBXGroup;
			children = (
				F37BFDD81BF50B0900DA188A /* GoalsVC.swift */,
				F33BB7121BFE0F98002A9588 /* GoalsCell.swift */,
			);
			name = Goals;
			sourceTree = "<group>";
		};
		F37BFDD31BF4D67400DA188A /* LowRisk */ = {
			isa = PBXGroup;
			children = (
			);
			name = LowRisk;
			sourceTree = "<group>";
		};
		F37BFDDC1BF50B2A00DA188A /* Goals */ = {
			isa = PBXGroup;
			children = (
				F37BFDD91BF50B0900DA188A /* GoalsVC.xib */,
				F33BB7131BFE0F98002A9588 /* GoalsCell.xib */,
			);
			name = Goals;
			sourceTree = "<group>";
		};
/* End PBXGroup section */

/* Begin PBXNativeTarget section */
		B0F794AD1BD6BE8000BC69ED /* P.I.G */ = {
			isa = PBXNativeTarget;
			buildConfigurationList = B0F794C01BD6BE8000BC69ED /* Build configuration list for PBXNativeTarget "P.I.G" */;
			buildPhases = (
				B0F794AA1BD6BE8000BC69ED /* Sources */,
				B0F794AB1BD6BE8000BC69ED /* Frameworks */,
				B0F794AC1BD6BE8000BC69ED /* Resources */,
			);
			buildRules = (
			);
			dependencies = (
			);
			name = P.I.G;
			productName = P.I.G;
			productReference = B0F794AE1BD6BE8000BC69ED /* P.I.G.app */;
			productType = "com.apple.product-type.application";
		};
/* End PBXNativeTarget section */

/* Begin PBXProject section */
		B0F794A61BD6BE8000BC69ED /* Project object */ = {
			isa = PBXProject;
			attributes = {
				LastUpgradeCheck = 0700;
				ORGANIZATIONNAME = "Henrique do Prado Linhares";
				TargetAttributes = {
					B0F794AD1BD6BE8000BC69ED = {
						CreatedOnToolsVersion = 7.0.1;
						DevelopmentTeam = 9M8RSS5KWQ;
					};
				};
			};
			buildConfigurationList = B0F794A91BD6BE8000BC69ED /* Build configuration list for PBXProject "P.I.G" */;
			compatibilityVersion = "Xcode 3.2";
			developmentRegion = English;
			hasScannedForEncodings = 0;
			knownRegions = (
				en,
				Base,
				"pt-BR",
			);
			mainGroup = B0F794A51BD6BE8000BC69ED;
			productRefGroup = B0F794AF1BD6BE8000BC69ED /* Products */;
			projectDirPath = "";
			projectRoot = "";
			targets = (
				B0F794AD1BD6BE8000BC69ED /* P.I.G */,
			);
		};
/* End PBXProject section */

/* Begin PBXResourcesBuildPhase section */
		B0F794AC1BD6BE8000BC69ED /* Resources */ = {
			isa = PBXResourcesBuildPhase;
			buildActionMask = 2147483647;
			files = (
				09F621E71BFA473100B6D291 /* Exo2-Black.otf in Resources */,
				09F621E81BFA473100B6D291 /* Exo2-Bold.otf in Resources */,
				09F621E91BFA473100B6D291 /* Exo2-Light.otf in Resources */,
				09F621EA1BFA473100B6D291 /* Exo2-Medium.otf in Resources */,
				09F621EB1BFA473100B6D291 /* Exo2-Regular.otf in Resources */,
				09F621EC1BFA473100B6D291 /* Exo2-SemiBold.otf in Resources */,
				B0F8C7921BFA75A9006980B9 /* PropertiesDetailsVC.xib in Resources */,
				B07CC9EE1C04CC4100226FFE /* CDBNotMadeVC.xib in Resources */,
				B0F794D61BD6BF4E00BC69ED /* InvestmentNotMadeVC.xib in Resources */,
				F33BB7151BFE0F98002A9588 /* GoalsCell.xib in Resources */,
				B00C16621BF61E9C00317B43 /* houseIcon.png in Resources */,
				B00C16611BF61E9C00317B43 /* fruitIcon.png in Resources */,
				B0537BF71BF4B5F7004AF676 /* B&C.png in Resources */,
				B0F7950A1BD6BF6400BC69ED /* closeButton.png in Resources */,
				B00C16691BF621BC00317B43 /* popViewBackground.png in Resources */,
				B0B766C41BEB9C7C0045528D /* LRInvestmentTableViewCell.xib in Resources */,
				09D81EBE1BEBD06D00AB7719 /* PropertiesTableViewCell.xib in Resources */,
				B00C16601BF61E9C00317B43 /* franchiseIcon.png in Resources */,
				093B26D81BFE3FB300104BD0 /* Localizable.strings in Resources */,
				B00C16641BF61E9C00317B43 /* landIcon.png in Resources */,
				B00C165E1BF61E9C00317B43 /* buildingIcon.png in Resources */,
				B0F794D31BD6BF4E00BC69ED /* LaunchScreen.storyboard in Resources */,
				F3E020BA1BE15131001C28E1 /* LowRiskInvestmentsVC.xib in Resources */,
				B0537BE91BF4B235004AF676 /* EverestOil.png in Resources */,
				B0537BEF1BF4B580004AF676 /* BugSoftwareInc.png in Resources */,
				B00C16671BF61E9C00317B43 /* taxiIcon.png in Resources */,
				B00C16631BF61E9C00317B43 /* jointIcon.png in Resources */,
				B0537BF31BF4B5CA004AF676 /* ElJuegoZone.png in Resources */,
				B0537BF11BF4B5B7004AF676 /* MrAlwaysYoung.png in Resources */,
				B07CC9F21C04E24500226FFE /* CDBMade.xib in Resources */,
				B0F795041BD6BF6400BC69ED /* ArrowUp.png in Resources */,
				B0F794B91BD6BE8000BC69ED /* Assets.xcassets in Resources */,
				B0537BF51BF4B5DE004AF676 /* TimeNewsCentral.png in Resources */,
				B00C16661BF61E9C00317B43 /* shopIcon.png in Resources */,
				B0F7950D1BD6BF6400BC69ED /* fast.png in Resources */,
				B0537C071BF4DB7D004AF676 /* barImage.png in Resources */,
				F3EE36751BF1111D0011A655 /* SavingAccountVC.xib in Resources */,
				B0537BFD1BF4B636004AF676 /* FastexSA.png in Resources */,
				B0C846821BD7F0B20092F8EC /* TopBarViewController.xib in Resources */,
				B0537BFB1BF4B624004AF676 /* DumontAircrafts.png in Resources */,
				B041E5E41BD82A6000D2B44E /* Database.plist in Resources */,
				B0C8468A1BD7FD4F0092F8EC /* PropertiesVC.xib in Resources */,
				B0537C051BF4DB46004AF676 /* HRInvestmentTableViewCell.xib in Resources */,
				B00C16651BF61E9C00317B43 /* popcornIcon.png in Resources */,
				BE6A891D1BD94ECD006DFEAD /* InvestmentMadeVC.xib in Resources */,
				F37BFDDB1BF50B0900DA188A /* GoalsVC.xib in Resources */,
				B0537BF91BF4B607004AF676 /* PhilipHollandBuildings.png in Resources */,
				093B26D01BFE3F2400104BD0 /* Main.storyboard in Resources */,
				0966B9911BF6BA6800D9B2D0 /* DINRegularAlternate.ttf in Resources */,
				B0DF04EA1BDAABB70022DCB9 /* ColorBarViewController.xib in Resources */,
				B0F795101BD6BF6400BC69ED /* goalsIcon.png in Resources */,
				B00C165F1BF61E9C00317B43 /* burgerIcon.png in Resources */,
				B0F794D41BD6BF4E00BC69ED /* HighRiskInvestmentsVC.xib in Resources */,
				B0537BED1BF4B2B6004AF676 /* BacompanyHouse.png in Resources */,
			);
			runOnlyForDeploymentPostprocessing = 0;
		};
/* End PBXResourcesBuildPhase section */

/* Begin PBXSourcesBuildPhase section */
		B0F794AA1BD6BE8000BC69ED /* Sources */ = {
			isa = PBXSourcesBuildPhase;
			buildActionMask = 2147483647;
			files = (
				B0F794F11BD6BF5600BC69ED /* Property.swift in Sources */,
				B094CF6F1C06026400C933AD /* AppUIColors.swift in Sources */,
				B07CC9ED1C04CC4100226FFE /* CDBNotMadeVC.swift in Sources */,
				095F95781C0484A600E96016 /* CATransaction+TransactionWithAnimationsAndCompletion.m in Sources */,
				B0F794B21BD6BE8000BC69ED /* AppDelegate.swift in Sources */,
				BE6A891C1BD94ECD006DFEAD /* InvestmentMadeVC.swift in Sources */,
				B05616561BD822B7004E3B7D /* PlayerDAO.swift in Sources */,
				B0537C031BF4DB3E004AF676 /* HRInvestmentTableViewCell.swift in Sources */,
				B0F794F01BD6BF5600BC69ED /* Tip.swift in Sources */,
				B0F794F21BD6BF5600BC69ED /* PropertyProperties.swift in Sources */,
				B03FBC701BEA54B700CEEC67 /* EnterprisesDAO.swift in Sources */,
				095F95751C0484A600E96016 /* YALFoldingTabBarController.m in Sources */,
				B0F794F51BD6BF5600BC69ED /* HighRiskInvestment.swift in Sources */,
				095F95791C0484A600E96016 /* CAAnimation+YALTabBarViewAnimations.m in Sources */,
				095F95731C0484A600E96016 /* YALTabBarItem.m in Sources */,
				B0F794F61BD6BF5600BC69ED /* Enterprise.swift in Sources */,
				F3EE36771BF11E310011A655 /* LRIProperties.swift in Sources */,
				095F95771C0484A600E96016 /* YALAnimatingTabBarConstants.m in Sources */,
				B0DF04E81BDAABAF0022DCB9 /* ColorBarViewController.swift in Sources */,
				B0C3AAB81BF35CBC00D8CA03 /* TimerDAO.swift in Sources */,
				B0F794EE1BD6BF5600BC69ED /* Player.swift in Sources */,
				B0F794EA1BD6BF5600BC69ED /* EnterpriseProperties.swift in Sources */,
				09D81EBD1BEBD06D00AB7719 /* PropertiesTableViewCell.swift in Sources */,
				B0B8DF961C04C4E10075324E /* LowRiskInvestmentManager.swift in Sources */,
				B05616581BD822ED004E3B7D /* PListManager.swift in Sources */,
				B09A6ADB1BFB672D00339D6A /* PropertiesManager.swift in Sources */,
				B0C846811BD7F0B20092F8EC /* TopBarViewController.swift in Sources */,
				F3EE36741BF1111D0011A655 /* SavingAccountVC.swift in Sources */,
				095F95761C0484A600E96016 /* YALFoldingTabBar.m in Sources */,
				B0F794CC1BD6BF3100BC69ED /* InvestmentNotMadeVC.swift in Sources */,
				B0C846851BD7FC610092F8EC /* LowRiskInvestmentsVC.swift in Sources */,
				F33BB7141BFE0F98002A9588 /* GoalsCell.swift in Sources */,
				095F95741C0484A600E96016 /* YALSpringAnimation.m in Sources */,
				B0F794F41BD6BF5600BC69ED /* LowRiskInvestment.swift in Sources */,
				B0B766C31BEB9C7C0045528D /* LRInvestmentTableViewCell.swift in Sources */,
				B0F794E81BD6BF5600BC69ED /* Timer.swift in Sources */,
				B0F794EF1BD6BF5600BC69ED /* Goal.swift in Sources */,
				B0F8C7911BFA75A9006980B9 /* PropertiesDetailsVC.swift in Sources */,
				F37BFDDA1BF50B0900DA188A /* GoalsVC.swift in Sources */,
				B0F794F31BD6BF5600BC69ED /* Investment.swift in Sources */,
				B0F794ED1BD6BF5600BC69ED /* HighRiskInvestmentManager.swift in Sources */,
				B0F794CA1BD6BF3100BC69ED /* HighRiskInvestmentsVC.swift in Sources */,
				BE6A89191BD94BE0006DFEAD /* EnterpriseValueUpdater.swift in Sources */,
				B0F794E71BD6BF5600BC69ED /* AppData.swift in Sources */,
				B07CC9F11C04E24500226FFE /* CDBMade.swift in Sources */,
				B0F794EC1BD6BF5600BC69ED /* GoalProperties.swift in Sources */,
				B0C846891BD7FD4F0092F8EC /* PropertiesVC.swift in Sources */,
			);
			runOnlyForDeploymentPostprocessing = 0;
		};
/* End PBXSourcesBuildPhase section */

/* Begin PBXVariantGroup section */
		093B26D21BFE3F2400104BD0 /* Main.storyboard */ = {
			isa = PBXVariantGroup;
			children = (
				093B26D11BFE3F2400104BD0 /* Base */,
				093B26D31BFE3F5800104BD0 /* pt-BR */,
				093B26DD1BFE4B7E00104BD0 /* en */,
			);
			name = Main.storyboard;
			sourceTree = "<group>";
		};
		093B26DA1BFE3FB300104BD0 /* Localizable.strings */ = {
			isa = PBXVariantGroup;
			children = (
				093B26D91BFE3FB300104BD0 /* en */,
				093B26DB1BFE3FB800104BD0 /* pt-BR */,
			);
			name = Localizable.strings;
			path = ..;
			sourceTree = "<group>";
		};
/* End PBXVariantGroup section */

/* Begin XCBuildConfiguration section */
		B0F794BE1BD6BE8000BC69ED /* Debug */ = {
			isa = XCBuildConfiguration;
			buildSettings = {
				ALWAYS_SEARCH_USER_PATHS = NO;
				CLANG_CXX_LANGUAGE_STANDARD = "gnu++0x";
				CLANG_CXX_LIBRARY = "libc++";
				CLANG_ENABLE_MODULES = YES;
				CLANG_ENABLE_OBJC_ARC = YES;
				CLANG_WARN_BOOL_CONVERSION = YES;
				CLANG_WARN_CONSTANT_CONVERSION = YES;
				CLANG_WARN_DIRECT_OBJC_ISA_USAGE = YES_ERROR;
				CLANG_WARN_EMPTY_BODY = YES;
				CLANG_WARN_ENUM_CONVERSION = YES;
				CLANG_WARN_INT_CONVERSION = YES;
				CLANG_WARN_OBJC_ROOT_CLASS = YES_ERROR;
				CLANG_WARN_UNREACHABLE_CODE = YES;
				CLANG_WARN__DUPLICATE_METHOD_MATCH = YES;
				CODE_SIGN_IDENTITY = "iPhone Developer: Henrique do Prado Linhares (D76Q52GVE9)";
				"CODE_SIGN_IDENTITY[sdk=iphoneos*]" = "iPhone Developer";
				COPY_PHASE_STRIP = NO;
				DEBUG_INFORMATION_FORMAT = dwarf;
				ENABLE_STRICT_OBJC_MSGSEND = YES;
				ENABLE_TESTABILITY = YES;
				GCC_C_LANGUAGE_STANDARD = gnu99;
				GCC_DYNAMIC_NO_PIC = NO;
				GCC_NO_COMMON_BLOCKS = YES;
				GCC_OPTIMIZATION_LEVEL = 0;
				GCC_PREPROCESSOR_DEFINITIONS = (
					"DEBUG=1",
					"$(inherited)",
				);
				GCC_WARN_64_TO_32_BIT_CONVERSION = YES;
				GCC_WARN_ABOUT_RETURN_TYPE = YES_ERROR;
				GCC_WARN_UNDECLARED_SELECTOR = YES;
				GCC_WARN_UNINITIALIZED_AUTOS = YES_AGGRESSIVE;
				GCC_WARN_UNUSED_FUNCTION = YES;
				GCC_WARN_UNUSED_VARIABLE = YES;
				IPHONEOS_DEPLOYMENT_TARGET = 9.0;
				MTL_ENABLE_DEBUG_INFO = YES;
				ONLY_ACTIVE_ARCH = YES;
				SDKROOT = iphoneos;
				SWIFT_OPTIMIZATION_LEVEL = "-Onone";
			};
			name = Debug;
		};
		B0F794BF1BD6BE8000BC69ED /* Release */ = {
			isa = XCBuildConfiguration;
			buildSettings = {
				ALWAYS_SEARCH_USER_PATHS = NO;
				CLANG_CXX_LANGUAGE_STANDARD = "gnu++0x";
				CLANG_CXX_LIBRARY = "libc++";
				CLANG_ENABLE_MODULES = YES;
				CLANG_ENABLE_OBJC_ARC = YES;
				CLANG_WARN_BOOL_CONVERSION = YES;
				CLANG_WARN_CONSTANT_CONVERSION = YES;
				CLANG_WARN_DIRECT_OBJC_ISA_USAGE = YES_ERROR;
				CLANG_WARN_EMPTY_BODY = YES;
				CLANG_WARN_ENUM_CONVERSION = YES;
				CLANG_WARN_INT_CONVERSION = YES;
				CLANG_WARN_OBJC_ROOT_CLASS = YES_ERROR;
				CLANG_WARN_UNREACHABLE_CODE = YES;
				CLANG_WARN__DUPLICATE_METHOD_MATCH = YES;
				CODE_SIGN_IDENTITY = "iPhone Developer: Henrique do Prado Linhares (D76Q52GVE9)";
				"CODE_SIGN_IDENTITY[sdk=iphoneos*]" = "iPhone Developer";
				COPY_PHASE_STRIP = NO;
				DEBUG_INFORMATION_FORMAT = "dwarf-with-dsym";
				ENABLE_NS_ASSERTIONS = NO;
				ENABLE_STRICT_OBJC_MSGSEND = YES;
				GCC_C_LANGUAGE_STANDARD = gnu99;
				GCC_NO_COMMON_BLOCKS = YES;
				GCC_WARN_64_TO_32_BIT_CONVERSION = YES;
				GCC_WARN_ABOUT_RETURN_TYPE = YES_ERROR;
				GCC_WARN_UNDECLARED_SELECTOR = YES;
				GCC_WARN_UNINITIALIZED_AUTOS = YES_AGGRESSIVE;
				GCC_WARN_UNUSED_FUNCTION = YES;
				GCC_WARN_UNUSED_VARIABLE = YES;
				IPHONEOS_DEPLOYMENT_TARGET = 9.0;
				MTL_ENABLE_DEBUG_INFO = NO;
				SDKROOT = iphoneos;
				VALIDATE_PRODUCT = YES;
			};
			name = Release;
		};
		B0F794C11BD6BE8000BC69ED /* Debug */ = {
			isa = XCBuildConfiguration;
			buildSettings = {
				ASSETCATALOG_COMPILER_APPICON_NAME = AppIcon;
				CODE_SIGN_IDENTITY = "iPhone Developer";
				"CODE_SIGN_IDENTITY[sdk=iphoneos*]" = "iPhone Developer";
				INFOPLIST_FILE = P.I.G/Info.plist;
				LD_RUNPATH_SEARCH_PATHS = "$(inherited) @executable_path/Frameworks";
				PRODUCT_BUNDLE_IDENTIFIER = "bepid.P-I-G";
				PRODUCT_NAME = "$(TARGET_NAME)";
				PROVISIONING_PROFILE = "";
				SWIFT_OBJC_BRIDGING_HEADER = "P.I.G/P.I.G-Bridging-Header.h";
			};
			name = Debug;
		};
		B0F794C21BD6BE8000BC69ED /* Release */ = {
			isa = XCBuildConfiguration;
			buildSettings = {
				ASSETCATALOG_COMPILER_APPICON_NAME = AppIcon;
				CODE_SIGN_IDENTITY = "iPhone Developer";
				"CODE_SIGN_IDENTITY[sdk=iphoneos*]" = "iPhone Developer";
				INFOPLIST_FILE = P.I.G/Info.plist;
				LD_RUNPATH_SEARCH_PATHS = "$(inherited) @executable_path/Frameworks";
				PRODUCT_BUNDLE_IDENTIFIER = "bepid.P-I-G";
				PRODUCT_NAME = "$(TARGET_NAME)";
				PROVISIONING_PROFILE = "";
				SWIFT_OBJC_BRIDGING_HEADER = "P.I.G/P.I.G-Bridging-Header.h";
			};
			name = Release;
		};
/* End XCBuildConfiguration section */

/* Begin XCConfigurationList section */
		B0F794A91BD6BE8000BC69ED /* Build configuration list for PBXProject "P.I.G" */ = {
			isa = XCConfigurationList;
			buildConfigurations = (
				B0F794BE1BD6BE8000BC69ED /* Debug */,
				B0F794BF1BD6BE8000BC69ED /* Release */,
			);
			defaultConfigurationIsVisible = 0;
			defaultConfigurationName = Release;
		};
		B0F794C01BD6BE8000BC69ED /* Build configuration list for PBXNativeTarget "P.I.G" */ = {
			isa = XCConfigurationList;
			buildConfigurations = (
				B0F794C11BD6BE8000BC69ED /* Debug */,
				B0F794C21BD6BE8000BC69ED /* Release */,
			);
			defaultConfigurationIsVisible = 0;
			defaultConfigurationName = Release;
		};
/* End XCConfigurationList section */
	};
	rootObject = B0F794A61BD6BE8000BC69ED /* Project object */;
}
