// !$*UTF8*$!
{
	archiveVersion = 1;
	classes = {
	};
	objectVersion = 46;
	objects = {

/* Begin PBXBuildFile section */
		093DE7C81BF0A45B0028345F /* HasPropertyViewController.swift in Sources */ = {isa = PBXBuildFile; fileRef = 093DE7C61BF0A45B0028345F /* HasPropertyViewController.swift */; };
		093DE7C91BF0A45B0028345F /* HasPropertyViewController.xib in Resources */ = {isa = PBXBuildFile; fileRef = 093DE7C71BF0A45B0028345F /* HasPropertyViewController.xib */; };
		096FFA4C1BEC084400232C22 /* BuyPropertyViewController.swift in Sources */ = {isa = PBXBuildFile; fileRef = 096FFA4A1BEC084400232C22 /* BuyPropertyViewController.swift */; };
		096FFA4D1BEC084400232C22 /* BuyPropertyViewController.xib in Resources */ = {isa = PBXBuildFile; fileRef = 096FFA4B1BEC084400232C22 /* BuyPropertyViewController.xib */; };
		09D81EBD1BEBD06D00AB7719 /* PropertiesTableViewCell.swift in Sources */ = {isa = PBXBuildFile; fileRef = 09D81EBB1BEBD06D00AB7719 /* PropertiesTableViewCell.swift */; };
		09D81EBE1BEBD06D00AB7719 /* PropertiesTableViewCell.xib in Resources */ = {isa = PBXBuildFile; fileRef = 09D81EBC1BEBD06D00AB7719 /* PropertiesTableViewCell.xib */; };
		B03FBC701BEA54B700CEEC67 /* EnterprisesDAO.swift in Sources */ = {isa = PBXBuildFile; fileRef = B03FBC6F1BEA54B700CEEC67 /* EnterprisesDAO.swift */; };
		B041E5E41BD82A6000D2B44E /* Database.plist in Resources */ = {isa = PBXBuildFile; fileRef = B041E5E31BD82A6000D2B44E /* Database.plist */; };
		B05616561BD822B7004E3B7D /* PlayerDAO.swift in Sources */ = {isa = PBXBuildFile; fileRef = B05616551BD822B7004E3B7D /* PlayerDAO.swift */; };
		B05616581BD822ED004E3B7D /* PListManager.swift in Sources */ = {isa = PBXBuildFile; fileRef = B05616571BD822ED004E3B7D /* PListManager.swift */; };
		B0B766C31BEB9C7C0045528D /* LRInvestmentTableViewCell.swift in Sources */ = {isa = PBXBuildFile; fileRef = B0B766C11BEB9C7C0045528D /* LRInvestmentTableViewCell.swift */; };
		B0B766C41BEB9C7C0045528D /* LRInvestmentTableViewCell.xib in Resources */ = {isa = PBXBuildFile; fileRef = B0B766C21BEB9C7C0045528D /* LRInvestmentTableViewCell.xib */; };
		B0C846811BD7F0B20092F8EC /* TopBarViewController.swift in Sources */ = {isa = PBXBuildFile; fileRef = B0C8467F1BD7F0B20092F8EC /* TopBarViewController.swift */; };
		B0C846821BD7F0B20092F8EC /* TopBarViewController.xib in Resources */ = {isa = PBXBuildFile; fileRef = B0C846801BD7F0B20092F8EC /* TopBarViewController.xib */; };
		B0C846851BD7FC610092F8EC /* LowRiskInvestmentsVC.swift in Sources */ = {isa = PBXBuildFile; fileRef = B0C846831BD7FC610092F8EC /* LowRiskInvestmentsVC.swift */; };
		B0C846891BD7FD4F0092F8EC /* PropertiesVC.swift in Sources */ = {isa = PBXBuildFile; fileRef = B0C846871BD7FD4F0092F8EC /* PropertiesVC.swift */; };
		B0C8468A1BD7FD4F0092F8EC /* PropertiesVC.xib in Resources */ = {isa = PBXBuildFile; fileRef = B0C846881BD7FD4F0092F8EC /* PropertiesVC.xib */; };
		B0DF04E81BDAABAF0022DCB9 /* ColorBarViewController.swift in Sources */ = {isa = PBXBuildFile; fileRef = B0DF04E71BDAABAF0022DCB9 /* ColorBarViewController.swift */; };
		B0DF04EA1BDAABB70022DCB9 /* ColorBarViewController.xib in Resources */ = {isa = PBXBuildFile; fileRef = B0DF04E91BDAABB70022DCB9 /* ColorBarViewController.xib */; };
		B0F794B21BD6BE8000BC69ED /* AppDelegate.swift in Sources */ = {isa = PBXBuildFile; fileRef = B0F794B11BD6BE8000BC69ED /* AppDelegate.swift */; };
		B0F794B91BD6BE8000BC69ED /* Assets.xcassets in Resources */ = {isa = PBXBuildFile; fileRef = B0F794B81BD6BE8000BC69ED /* Assets.xcassets */; };
		B0F794CA1BD6BF3100BC69ED /* HighRiskInvestmentsVC.swift in Sources */ = {isa = PBXBuildFile; fileRef = B0F794C71BD6BF3100BC69ED /* HighRiskInvestmentsVC.swift */; };
		B0F794CB1BD6BF3100BC69ED /* HRInvestmentTableViewCell.swift in Sources */ = {isa = PBXBuildFile; fileRef = B0F794C81BD6BF3100BC69ED /* HRInvestmentTableViewCell.swift */; };
		B0F794CC1BD6BF3100BC69ED /* InvestmentNotMadeVC.swift in Sources */ = {isa = PBXBuildFile; fileRef = B0F794C91BD6BF3100BC69ED /* InvestmentNotMadeVC.swift */; };
		B0F794D21BD6BF4E00BC69ED /* Main.storyboard in Resources */ = {isa = PBXBuildFile; fileRef = B0F794CD1BD6BF4E00BC69ED /* Main.storyboard */; };
		B0F794D31BD6BF4E00BC69ED /* LaunchScreen.storyboard in Resources */ = {isa = PBXBuildFile; fileRef = B0F794CE1BD6BF4E00BC69ED /* LaunchScreen.storyboard */; };
		B0F794D41BD6BF4E00BC69ED /* HighRiskInvestmentsVC.xib in Resources */ = {isa = PBXBuildFile; fileRef = B0F794CF1BD6BF4E00BC69ED /* HighRiskInvestmentsVC.xib */; };
		B0F794D51BD6BF4E00BC69ED /* HRInvestmentTableViewCell.xib in Resources */ = {isa = PBXBuildFile; fileRef = B0F794D01BD6BF4E00BC69ED /* HRInvestmentTableViewCell.xib */; };
		B0F794D61BD6BF4E00BC69ED /* InvestmentNotMadeVC.xib in Resources */ = {isa = PBXBuildFile; fileRef = B0F794D11BD6BF4E00BC69ED /* InvestmentNotMadeVC.xib */; };
		B0F794E71BD6BF5600BC69ED /* AppData.swift in Sources */ = {isa = PBXBuildFile; fileRef = B0F794D71BD6BF5600BC69ED /* AppData.swift */; };
		B0F794E81BD6BF5600BC69ED /* Timer.swift in Sources */ = {isa = PBXBuildFile; fileRef = B0F794D81BD6BF5600BC69ED /* Timer.swift */; };
		B0F794EA1BD6BF5600BC69ED /* EnterpriseProperties.swift in Sources */ = {isa = PBXBuildFile; fileRef = B0F794DA1BD6BF5600BC69ED /* EnterpriseProperties.swift */; };
		B0F794EB1BD6BF5600BC69ED /* Store.swift in Sources */ = {isa = PBXBuildFile; fileRef = B0F794DB1BD6BF5600BC69ED /* Store.swift */; };
		B0F794EC1BD6BF5600BC69ED /* GoalProperties.swift in Sources */ = {isa = PBXBuildFile; fileRef = B0F794DC1BD6BF5600BC69ED /* GoalProperties.swift */; };
		B0F794ED1BD6BF5600BC69ED /* InvestmentManager.swift in Sources */ = {isa = PBXBuildFile; fileRef = B0F794DD1BD6BF5600BC69ED /* InvestmentManager.swift */; };
		B0F794EE1BD6BF5600BC69ED /* Player.swift in Sources */ = {isa = PBXBuildFile; fileRef = B0F794DE1BD6BF5600BC69ED /* Player.swift */; };
		B0F794EF1BD6BF5600BC69ED /* Goal.swift in Sources */ = {isa = PBXBuildFile; fileRef = B0F794DF1BD6BF5600BC69ED /* Goal.swift */; };
		B0F794F01BD6BF5600BC69ED /* Tip.swift in Sources */ = {isa = PBXBuildFile; fileRef = B0F794E01BD6BF5600BC69ED /* Tip.swift */; };
		B0F794F11BD6BF5600BC69ED /* Property.swift in Sources */ = {isa = PBXBuildFile; fileRef = B0F794E11BD6BF5600BC69ED /* Property.swift */; };
		B0F794F21BD6BF5600BC69ED /* PropertyProperties.swift in Sources */ = {isa = PBXBuildFile; fileRef = B0F794E21BD6BF5600BC69ED /* PropertyProperties.swift */; };
		B0F794F31BD6BF5600BC69ED /* Investment.swift in Sources */ = {isa = PBXBuildFile; fileRef = B0F794E31BD6BF5600BC69ED /* Investment.swift */; };
		B0F794F41BD6BF5600BC69ED /* LowRiskInvestment.swift in Sources */ = {isa = PBXBuildFile; fileRef = B0F794E41BD6BF5600BC69ED /* LowRiskInvestment.swift */; };
		B0F794F51BD6BF5600BC69ED /* HighRiskInvestment.swift in Sources */ = {isa = PBXBuildFile; fileRef = B0F794E51BD6BF5600BC69ED /* HighRiskInvestment.swift */; };
		B0F794F61BD6BF5600BC69ED /* Enterprise.swift in Sources */ = {isa = PBXBuildFile; fileRef = B0F794E61BD6BF5600BC69ED /* Enterprise.swift */; };
		B0F795041BD6BF6400BC69ED /* ArrowUp.png in Resources */ = {isa = PBXBuildFile; fileRef = B0F794F71BD6BF6400BC69ED /* ArrowUp.png */; };
		B0F795051BD6BF6400BC69ED /* bacompany.png in Resources */ = {isa = PBXBuildFile; fileRef = B0F794F81BD6BF6400BC69ED /* bacompany.png */; };
		B0F795061BD6BF6400BC69ED /* mrAlwaysYoung.jpg in Resources */ = {isa = PBXBuildFile; fileRef = B0F794F91BD6BF6400BC69ED /* mrAlwaysYoung.jpg */; };
		B0F795071BD6BF6400BC69ED /* 14bis.jpg in Resources */ = {isa = PBXBuildFile; fileRef = B0F794FA1BD6BF6400BC69ED /* 14bis.jpg */; };
		B0F795081BD6BF6400BC69ED /* news.jpg in Resources */ = {isa = PBXBuildFile; fileRef = B0F794FB1BD6BF6400BC69ED /* news.jpg */; };
		B0F795091BD6BF6400BC69ED /* elJuegoZone.png in Resources */ = {isa = PBXBuildFile; fileRef = B0F794FC1BD6BF6400BC69ED /* elJuegoZone.png */; };
		B0F7950A1BD6BF6400BC69ED /* closeButton.png in Resources */ = {isa = PBXBuildFile; fileRef = B0F794FD1BD6BF6400BC69ED /* closeButton.png */; };
		B0F7950B1BD6BF6400BC69ED /* building.jpg in Resources */ = {isa = PBXBuildFile; fileRef = B0F794FE1BD6BF6400BC69ED /* building.jpg */; };
		B0F7950C1BD6BF6400BC69ED /* everestOil.png in Resources */ = {isa = PBXBuildFile; fileRef = B0F794FF1BD6BF6400BC69ED /* everestOil.png */; };
		B0F7950D1BD6BF6400BC69ED /* fast.png in Resources */ = {isa = PBXBuildFile; fileRef = B0F795001BD6BF6400BC69ED /* fast.png */; };
		B0F7950E1BD6BF6400BC69ED /* bank.gif in Resources */ = {isa = PBXBuildFile; fileRef = B0F795011BD6BF6400BC69ED /* bank.gif */; };
		B0F7950F1BD6BF6400BC69ED /* bugSoftwareInc.png in Resources */ = {isa = PBXBuildFile; fileRef = B0F795021BD6BF6400BC69ED /* bugSoftwareInc.png */; };
		B0F795101BD6BF6400BC69ED /* goalsIcon.png in Resources */ = {isa = PBXBuildFile; fileRef = B0F795031BD6BF6400BC69ED /* goalsIcon.png */; };
		BE6A89191BD94BE0006DFEAD /* EnterpriseValueUpdater.swift in Sources */ = {isa = PBXBuildFile; fileRef = BE6A89181BD94BE0006DFEAD /* EnterpriseValueUpdater.swift */; };
		BE6A891C1BD94ECD006DFEAD /* InvestmentMadeVC.swift in Sources */ = {isa = PBXBuildFile; fileRef = BE6A891A1BD94ECD006DFEAD /* InvestmentMadeVC.swift */; };
		BE6A891D1BD94ECD006DFEAD /* InvestmentMadeVC.xib in Resources */ = {isa = PBXBuildFile; fileRef = BE6A891B1BD94ECD006DFEAD /* InvestmentMadeVC.xib */; };
		F30E78631BDEA04200F6E833 /* CertificateOfDeposit.png in Resources */ = {isa = PBXBuildFile; fileRef = F30E78621BDEA04200F6E833 /* CertificateOfDeposit.png */; };
		F30E78651BDEA11000F6E833 /* InvestButton.png in Resources */ = {isa = PBXBuildFile; fileRef = F30E78641BDEA11000F6E833 /* InvestButton.png */; };
		F30E78671BDEA11900F6E833 /* SavingAccount.png in Resources */ = {isa = PBXBuildFile; fileRef = F30E78661BDEA11900F6E833 /* SavingAccount.png */; };
		F3E020BA1BE15131001C28E1 /* LowRiskInvestmentsVC.xib in Resources */ = {isa = PBXBuildFile; fileRef = F3E020B91BE15131001C28E1 /* LowRiskInvestmentsVC.xib */; };
/* End PBXBuildFile section */

/* Begin PBXFileReference section */
		093DE7C61BF0A45B0028345F /* HasPropertyViewController.swift */ = {isa = PBXFileReference; fileEncoding = 4; lastKnownFileType = sourcecode.swift; path = HasPropertyViewController.swift; sourceTree = "<group>"; };
		093DE7C71BF0A45B0028345F /* HasPropertyViewController.xib */ = {isa = PBXFileReference; fileEncoding = 4; lastKnownFileType = file.xib; path = HasPropertyViewController.xib; sourceTree = "<group>"; };
		096FFA4A1BEC084400232C22 /* BuyPropertyViewController.swift */ = {isa = PBXFileReference; fileEncoding = 4; lastKnownFileType = sourcecode.swift; path = BuyPropertyViewController.swift; sourceTree = "<group>"; };
		096FFA4B1BEC084400232C22 /* BuyPropertyViewController.xib */ = {isa = PBXFileReference; fileEncoding = 4; lastKnownFileType = file.xib; path = BuyPropertyViewController.xib; sourceTree = "<group>"; };
		09D81EBB1BEBD06D00AB7719 /* PropertiesTableViewCell.swift */ = {isa = PBXFileReference; fileEncoding = 4; lastKnownFileType = sourcecode.swift; path = PropertiesTableViewCell.swift; sourceTree = "<group>"; };
		09D81EBC1BEBD06D00AB7719 /* PropertiesTableViewCell.xib */ = {isa = PBXFileReference; fileEncoding = 4; lastKnownFileType = file.xib; path = PropertiesTableViewCell.xib; sourceTree = "<group>"; };
		B03FBC6F1BEA54B700CEEC67 /* EnterprisesDAO.swift */ = {isa = PBXFileReference; fileEncoding = 4; lastKnownFileType = sourcecode.swift; path = EnterprisesDAO.swift; sourceTree = "<group>"; };
		B041E5E31BD82A6000D2B44E /* Database.plist */ = {isa = PBXFileReference; fileEncoding = 4; lastKnownFileType = text.plist.xml; path = Database.plist; sourceTree = "<group>"; };
		B05616551BD822B7004E3B7D /* PlayerDAO.swift */ = {isa = PBXFileReference; fileEncoding = 4; lastKnownFileType = sourcecode.swift; path = PlayerDAO.swift; sourceTree = "<group>"; };
		B05616571BD822ED004E3B7D /* PListManager.swift */ = {isa = PBXFileReference; fileEncoding = 4; lastKnownFileType = sourcecode.swift; path = PListManager.swift; sourceTree = "<group>"; };
		B0B766C11BEB9C7C0045528D /* LRInvestmentTableViewCell.swift */ = {isa = PBXFileReference; fileEncoding = 4; lastKnownFileType = sourcecode.swift; path = LRInvestmentTableViewCell.swift; sourceTree = "<group>"; };
		B0B766C21BEB9C7C0045528D /* LRInvestmentTableViewCell.xib */ = {isa = PBXFileReference; fileEncoding = 4; lastKnownFileType = file.xib; path = LRInvestmentTableViewCell.xib; sourceTree = "<group>"; };
		B0C8467F1BD7F0B20092F8EC /* TopBarViewController.swift */ = {isa = PBXFileReference; fileEncoding = 4; lastKnownFileType = sourcecode.swift; path = TopBarViewController.swift; sourceTree = "<group>"; };
		B0C846801BD7F0B20092F8EC /* TopBarViewController.xib */ = {isa = PBXFileReference; fileEncoding = 4; lastKnownFileType = file.xib; path = TopBarViewController.xib; sourceTree = "<group>"; };
		B0C846831BD7FC610092F8EC /* LowRiskInvestmentsVC.swift */ = {isa = PBXFileReference; fileEncoding = 4; lastKnownFileType = sourcecode.swift; path = LowRiskInvestmentsVC.swift; sourceTree = "<group>"; };
		B0C846871BD7FD4F0092F8EC /* PropertiesVC.swift */ = {isa = PBXFileReference; fileEncoding = 4; lastKnownFileType = sourcecode.swift; path = PropertiesVC.swift; sourceTree = "<group>"; };
		B0C846881BD7FD4F0092F8EC /* PropertiesVC.xib */ = {isa = PBXFileReference; fileEncoding = 4; lastKnownFileType = file.xib; path = PropertiesVC.xib; sourceTree = "<group>"; };
		B0DF04E71BDAABAF0022DCB9 /* ColorBarViewController.swift */ = {isa = PBXFileReference; fileEncoding = 4; lastKnownFileType = sourcecode.swift; path = ColorBarViewController.swift; sourceTree = "<group>"; };
		B0DF04E91BDAABB70022DCB9 /* ColorBarViewController.xib */ = {isa = PBXFileReference; fileEncoding = 4; lastKnownFileType = file.xib; path = ColorBarViewController.xib; sourceTree = "<group>"; };
		B0F794AE1BD6BE8000BC69ED /* P.I.G.app */ = {isa = PBXFileReference; explicitFileType = wrapper.application; includeInIndex = 0; path = P.I.G.app; sourceTree = BUILT_PRODUCTS_DIR; };
		B0F794B11BD6BE8000BC69ED /* AppDelegate.swift */ = {isa = PBXFileReference; lastKnownFileType = sourcecode.swift; path = AppDelegate.swift; sourceTree = "<group>"; };
		B0F794B81BD6BE8000BC69ED /* Assets.xcassets */ = {isa = PBXFileReference; lastKnownFileType = folder.assetcatalog; path = Assets.xcassets; sourceTree = "<group>"; };
		B0F794BD1BD6BE8000BC69ED /* Info.plist */ = {isa = PBXFileReference; lastKnownFileType = text.plist.xml; path = Info.plist; sourceTree = "<group>"; };
		B0F794C71BD6BF3100BC69ED /* HighRiskInvestmentsVC.swift */ = {isa = PBXFileReference; fileEncoding = 4; lastKnownFileType = sourcecode.swift; path = HighRiskInvestmentsVC.swift; sourceTree = "<group>"; };
		B0F794C81BD6BF3100BC69ED /* HRInvestmentTableViewCell.swift */ = {isa = PBXFileReference; fileEncoding = 4; lastKnownFileType = sourcecode.swift; path = HRInvestmentTableViewCell.swift; sourceTree = "<group>"; };
		B0F794C91BD6BF3100BC69ED /* InvestmentNotMadeVC.swift */ = {isa = PBXFileReference; fileEncoding = 4; lastKnownFileType = sourcecode.swift; path = InvestmentNotMadeVC.swift; sourceTree = "<group>"; };
		B0F794CD1BD6BF4E00BC69ED /* Main.storyboard */ = {isa = PBXFileReference; fileEncoding = 4; lastKnownFileType = file.storyboard; path = Main.storyboard; sourceTree = "<group>"; };
		B0F794CE1BD6BF4E00BC69ED /* LaunchScreen.storyboard */ = {isa = PBXFileReference; fileEncoding = 4; lastKnownFileType = file.storyboard; path = LaunchScreen.storyboard; sourceTree = "<group>"; };
		B0F794CF1BD6BF4E00BC69ED /* HighRiskInvestmentsVC.xib */ = {isa = PBXFileReference; fileEncoding = 4; lastKnownFileType = file.xib; path = HighRiskInvestmentsVC.xib; sourceTree = "<group>"; };
		B0F794D01BD6BF4E00BC69ED /* HRInvestmentTableViewCell.xib */ = {isa = PBXFileReference; fileEncoding = 4; lastKnownFileType = file.xib; path = HRInvestmentTableViewCell.xib; sourceTree = "<group>"; };
		B0F794D11BD6BF4E00BC69ED /* InvestmentNotMadeVC.xib */ = {isa = PBXFileReference; fileEncoding = 4; lastKnownFileType = file.xib; path = InvestmentNotMadeVC.xib; sourceTree = "<group>"; };
		B0F794D71BD6BF5600BC69ED /* AppData.swift */ = {isa = PBXFileReference; fileEncoding = 4; lastKnownFileType = sourcecode.swift; path = AppData.swift; sourceTree = "<group>"; };
		B0F794D81BD6BF5600BC69ED /* Timer.swift */ = {isa = PBXFileReference; fileEncoding = 4; lastKnownFileType = sourcecode.swift; path = Timer.swift; sourceTree = "<group>"; };
		B0F794DA1BD6BF5600BC69ED /* EnterpriseProperties.swift */ = {isa = PBXFileReference; fileEncoding = 4; lastKnownFileType = sourcecode.swift; path = EnterpriseProperties.swift; sourceTree = "<group>"; };
		B0F794DB1BD6BF5600BC69ED /* Store.swift */ = {isa = PBXFileReference; fileEncoding = 4; lastKnownFileType = sourcecode.swift; path = Store.swift; sourceTree = "<group>"; };
		B0F794DC1BD6BF5600BC69ED /* GoalProperties.swift */ = {isa = PBXFileReference; fileEncoding = 4; lastKnownFileType = sourcecode.swift; path = GoalProperties.swift; sourceTree = "<group>"; };
		B0F794DD1BD6BF5600BC69ED /* InvestmentManager.swift */ = {isa = PBXFileReference; fileEncoding = 4; lastKnownFileType = sourcecode.swift; path = InvestmentManager.swift; sourceTree = "<group>"; };
		B0F794DE1BD6BF5600BC69ED /* Player.swift */ = {isa = PBXFileReference; fileEncoding = 4; lastKnownFileType = sourcecode.swift; path = Player.swift; sourceTree = "<group>"; };
		B0F794DF1BD6BF5600BC69ED /* Goal.swift */ = {isa = PBXFileReference; fileEncoding = 4; lastKnownFileType = sourcecode.swift; path = Goal.swift; sourceTree = "<group>"; };
		B0F794E01BD6BF5600BC69ED /* Tip.swift */ = {isa = PBXFileReference; fileEncoding = 4; lastKnownFileType = sourcecode.swift; path = Tip.swift; sourceTree = "<group>"; };
		B0F794E11BD6BF5600BC69ED /* Property.swift */ = {isa = PBXFileReference; fileEncoding = 4; lastKnownFileType = sourcecode.swift; path = Property.swift; sourceTree = "<group>"; };
		B0F794E21BD6BF5600BC69ED /* PropertyProperties.swift */ = {isa = PBXFileReference; fileEncoding = 4; lastKnownFileType = sourcecode.swift; path = PropertyProperties.swift; sourceTree = "<group>"; };
		B0F794E31BD6BF5600BC69ED /* Investment.swift */ = {isa = PBXFileReference; fileEncoding = 4; lastKnownFileType = sourcecode.swift; path = Investment.swift; sourceTree = "<group>"; };
		B0F794E41BD6BF5600BC69ED /* LowRiskInvestment.swift */ = {isa = PBXFileReference; fileEncoding = 4; lastKnownFileType = sourcecode.swift; path = LowRiskInvestment.swift; sourceTree = "<group>"; };
		B0F794E51BD6BF5600BC69ED /* HighRiskInvestment.swift */ = {isa = PBXFileReference; fileEncoding = 4; lastKnownFileType = sourcecode.swift; path = HighRiskInvestment.swift; sourceTree = "<group>"; };
		B0F794E61BD6BF5600BC69ED /* Enterprise.swift */ = {isa = PBXFileReference; fileEncoding = 4; lastKnownFileType = sourcecode.swift; path = Enterprise.swift; sourceTree = "<group>"; };
		B0F794F71BD6BF6400BC69ED /* ArrowUp.png */ = {isa = PBXFileReference; lastKnownFileType = image.png; path = ArrowUp.png; sourceTree = "<group>"; };
		B0F794F81BD6BF6400BC69ED /* bacompany.png */ = {isa = PBXFileReference; lastKnownFileType = image.png; path = bacompany.png; sourceTree = "<group>"; };
		B0F794F91BD6BF6400BC69ED /* mrAlwaysYoung.jpg */ = {isa = PBXFileReference; lastKnownFileType = image.jpeg; path = mrAlwaysYoung.jpg; sourceTree = "<group>"; };
		B0F794FA1BD6BF6400BC69ED /* 14bis.jpg */ = {isa = PBXFileReference; lastKnownFileType = image.jpeg; path = 14bis.jpg; sourceTree = "<group>"; };
		B0F794FB1BD6BF6400BC69ED /* news.jpg */ = {isa = PBXFileReference; lastKnownFileType = image.jpeg; path = news.jpg; sourceTree = "<group>"; };
		B0F794FC1BD6BF6400BC69ED /* elJuegoZone.png */ = {isa = PBXFileReference; lastKnownFileType = image.png; path = elJuegoZone.png; sourceTree = "<group>"; };
		B0F794FD1BD6BF6400BC69ED /* closeButton.png */ = {isa = PBXFileReference; lastKnownFileType = image.png; path = closeButton.png; sourceTree = "<group>"; };
		B0F794FE1BD6BF6400BC69ED /* building.jpg */ = {isa = PBXFileReference; lastKnownFileType = image.jpeg; path = building.jpg; sourceTree = "<group>"; };
		B0F794FF1BD6BF6400BC69ED /* everestOil.png */ = {isa = PBXFileReference; lastKnownFileType = image.png; path = everestOil.png; sourceTree = "<group>"; };
		B0F795001BD6BF6400BC69ED /* fast.png */ = {isa = PBXFileReference; lastKnownFileType = image.png; path = fast.png; sourceTree = "<group>"; };
		B0F795011BD6BF6400BC69ED /* bank.gif */ = {isa = PBXFileReference; lastKnownFileType = image.gif; path = bank.gif; sourceTree = "<group>"; };
		B0F795021BD6BF6400BC69ED /* bugSoftwareInc.png */ = {isa = PBXFileReference; lastKnownFileType = image.png; path = bugSoftwareInc.png; sourceTree = "<group>"; };
		B0F795031BD6BF6400BC69ED /* goalsIcon.png */ = {isa = PBXFileReference; lastKnownFileType = image.png; path = goalsIcon.png; sourceTree = "<group>"; };
		BE6A89181BD94BE0006DFEAD /* EnterpriseValueUpdater.swift */ = {isa = PBXFileReference; fileEncoding = 4; lastKnownFileType = sourcecode.swift; path = EnterpriseValueUpdater.swift; sourceTree = "<group>"; };
		BE6A891A1BD94ECD006DFEAD /* InvestmentMadeVC.swift */ = {isa = PBXFileReference; fileEncoding = 4; lastKnownFileType = sourcecode.swift; path = InvestmentMadeVC.swift; sourceTree = "<group>"; };
		BE6A891B1BD94ECD006DFEAD /* InvestmentMadeVC.xib */ = {isa = PBXFileReference; fileEncoding = 4; lastKnownFileType = file.xib; path = InvestmentMadeVC.xib; sourceTree = "<group>"; };
		F30E78621BDEA04200F6E833 /* CertificateOfDeposit.png */ = {isa = PBXFileReference; lastKnownFileType = image.png; path = CertificateOfDeposit.png; sourceTree = "<group>"; };
		F30E78641BDEA11000F6E833 /* InvestButton.png */ = {isa = PBXFileReference; lastKnownFileType = image.png; path = InvestButton.png; sourceTree = "<group>"; };
		F30E78661BDEA11900F6E833 /* SavingAccount.png */ = {isa = PBXFileReference; lastKnownFileType = image.png; path = SavingAccount.png; sourceTree = "<group>"; };
		F3E020B91BE15131001C28E1 /* LowRiskInvestmentsVC.xib */ = {isa = PBXFileReference; fileEncoding = 4; lastKnownFileType = file.xib; path = LowRiskInvestmentsVC.xib; sourceTree = "<group>"; };
/* End PBXFileReference section */

/* Begin PBXFrameworksBuildPhase section */
		B0F794AB1BD6BE8000BC69ED /* Frameworks */ = {
			isa = PBXFrameworksBuildPhase;
			buildActionMask = 2147483647;
			files = (
			);
			runOnlyForDeploymentPostprocessing = 0;
		};
/* End PBXFrameworksBuildPhase section */

/* Begin PBXGroup section */
		096FFA491BEC02A800232C22 /* EnterpriseImages */ = {
			isa = PBXGroup;
			children = (
				B0F795011BD6BF6400BC69ED /* bank.gif */,
				B0F794F81BD6BF6400BC69ED /* bacompany.png */,
				B0F794F91BD6BF6400BC69ED /* mrAlwaysYoung.jpg */,
				B0F794FA1BD6BF6400BC69ED /* 14bis.jpg */,
				B0F794FB1BD6BF6400BC69ED /* news.jpg */,
				B0F794FC1BD6BF6400BC69ED /* elJuegoZone.png */,
				B0F794FE1BD6BF6400BC69ED /* building.jpg */,
				B0F794FF1BD6BF6400BC69ED /* everestOil.png */,
			);
			name = EnterpriseImages;
			sourceTree = "<group>";
		};
		B05616541BD822A9004E3B7D /* DAOs */ = {
			isa = PBXGroup;
			children = (
				B05616571BD822ED004E3B7D /* PListManager.swift */,
				B05616551BD822B7004E3B7D /* PlayerDAO.swift */,
				B03FBC6F1BEA54B700CEEC67 /* EnterprisesDAO.swift */,
			);
			name = DAOs;
			sourceTree = "<group>";
		};
		B0B766C51BEBA1CD0045528D /* Enterprise */ = {
			isa = PBXGroup;
			children = (
				B0F794E61BD6BF5600BC69ED /* Enterprise.swift */,
				B0F794DA1BD6BF5600BC69ED /* EnterpriseProperties.swift */,
				BE6A89181BD94BE0006DFEAD /* EnterpriseValueUpdater.swift */,
			);
			name = Enterprise;
			sourceTree = "<group>";
		};
		B0B766C61BEBA2050045528D /* Investments */ = {
			isa = PBXGroup;
			children = (
				B0F794E31BD6BF5600BC69ED /* Investment.swift */,
				B0F794DD1BD6BF5600BC69ED /* InvestmentManager.swift */,
				B0F794E41BD6BF5600BC69ED /* LowRiskInvestment.swift */,
				B0F794E51BD6BF5600BC69ED /* HighRiskInvestment.swift */,
			);
			name = Investments;
			sourceTree = "<group>";
		};
		B0B766C71BEBA24F0045528D /* Properties */ = {
			isa = PBXGroup;
			children = (
				B0F794DB1BD6BF5600BC69ED /* Store.swift */,
				B0F794E11BD6BF5600BC69ED /* Property.swift */,
				B0F794E21BD6BF5600BC69ED /* PropertyProperties.swift */,
			);
			name = Properties;
			sourceTree = "<group>";
		};
		B0B766C81BEBA2720045528D /* Goals&Tips */ = {
			isa = PBXGroup;
			children = (
				B0F794DC1BD6BF5600BC69ED /* GoalProperties.swift */,
				B0F794DF1BD6BF5600BC69ED /* Goal.swift */,
				B0F794E01BD6BF5600BC69ED /* Tip.swift */,
			);
			name = "Goals&Tips";
			sourceTree = "<group>";
		};
		B0B766C91BEBA2900045528D /* HighRiskInvestment */ = {
			isa = PBXGroup;
			children = (
				B0F794C71BD6BF3100BC69ED /* HighRiskInvestmentsVC.swift */,
				B0F794C81BD6BF3100BC69ED /* HRInvestmentTableViewCell.swift */,
				B0F794C91BD6BF3100BC69ED /* InvestmentNotMadeVC.swift */,
				BE6A891A1BD94ECD006DFEAD /* InvestmentMadeVC.swift */,
				B0DF04E71BDAABAF0022DCB9 /* ColorBarViewController.swift */,
			);
			name = HighRiskInvestment;
			sourceTree = "<group>";
		};
		B0B766CA1BEBA2B50045528D /* LowRiskInvestment */ = {
			isa = PBXGroup;
			children = (
				B0C846831BD7FC610092F8EC /* LowRiskInvestmentsVC.swift */,
				B0B766C11BEB9C7C0045528D /* LRInvestmentTableViewCell.swift */,
			);
			name = LowRiskInvestment;
			sourceTree = "<group>";
		};
		B0B766CB1BEBA2EF0045528D /* Properties */ = {
			isa = PBXGroup;
			children = (
				B0C846871BD7FD4F0092F8EC /* PropertiesVC.swift */,
				09D81EBB1BEBD06D00AB7719 /* PropertiesTableViewCell.swift */,
				096FFA4A1BEC084400232C22 /* BuyPropertyViewController.swift */,
				093DE7C61BF0A45B0028345F /* HasPropertyViewController.swift */,
			);
			name = Properties;
			sourceTree = "<group>";
		};
		B0B766CC1BEBA3D40045528D /* HighRiskInvestment */ = {
			isa = PBXGroup;
			children = (
				B0F794CF1BD6BF4E00BC69ED /* HighRiskInvestmentsVC.xib */,
				B0F794D01BD6BF4E00BC69ED /* HRInvestmentTableViewCell.xib */,
				BE6A891B1BD94ECD006DFEAD /* InvestmentMadeVC.xib */,
				B0F794D11BD6BF4E00BC69ED /* InvestmentNotMadeVC.xib */,
				B0DF04E91BDAABB70022DCB9 /* ColorBarViewController.xib */,
			);
			name = HighRiskInvestment;
			sourceTree = "<group>";
		};
		B0B766CD1BEBA5970045528D /* LowRiskInvestment */ = {
			isa = PBXGroup;
			children = (
				F3E020B91BE15131001C28E1 /* LowRiskInvestmentsVC.xib */,
				B0B766C21BEB9C7C0045528D /* LRInvestmentTableViewCell.xib */,
			);
			name = LowRiskInvestment;
			sourceTree = "<group>";
		};
		B0B766CE1BEBA5C50045528D /* Properties */ = {
			isa = PBXGroup;
			children = (
				B0C846881BD7FD4F0092F8EC /* PropertiesVC.xib */,
				09D81EBC1BEBD06D00AB7719 /* PropertiesTableViewCell.xib */,
				096FFA4B1BEC084400232C22 /* BuyPropertyViewController.xib */,
				093DE7C71BF0A45B0028345F /* HasPropertyViewController.xib */,
			);
			name = Properties;
			sourceTree = "<group>";
		};
		B0F794A51BD6BE8000BC69ED = {
			isa = PBXGroup;
			children = (
				B0F794B01BD6BE8000BC69ED /* P.I.G */,
				B0F794AF1BD6BE8000BC69ED /* Products */,
			);
			sourceTree = "<group>";
		};
		B0F794AF1BD6BE8000BC69ED /* Products */ = {
			isa = PBXGroup;
			children = (
				B0F794AE1BD6BE8000BC69ED /* P.I.G.app */,
			);
			name = Products;
			sourceTree = "<group>";
		};
		B0F794B01BD6BE8000BC69ED /* P.I.G */ = {
			isa = PBXGroup;
			children = (
				B0F794B11BD6BE8000BC69ED /* AppDelegate.swift */,
				B041E5E31BD82A6000D2B44E /* Database.plist */,
				B0F794C51BD6BEE200BC69ED /* Controller */,
				B0F794C41BD6BEDD00BC69ED /* View */,
				B0F794C31BD6BED300BC69ED /* Model */,
				B0F794C61BD6BF0B00BC69ED /* SupportingFiles */,
				B0F794B81BD6BE8000BC69ED /* Assets.xcassets */,
				B0F794BD1BD6BE8000BC69ED /* Info.plist */,
			);
			path = P.I.G;
			sourceTree = "<group>";
		};
		B0F794C31BD6BED300BC69ED /* Model */ = {
			isa = PBXGroup;
			children = (
				B0F794D71BD6BF5600BC69ED /* AppData.swift */,
				B0F794D81BD6BF5600BC69ED /* Timer.swift */,
				B0F794DE1BD6BF5600BC69ED /* Player.swift */,
				B05616541BD822A9004E3B7D /* DAOs */,
				B0B766C51BEBA1CD0045528D /* Enterprise */,
				B0B766C61BEBA2050045528D /* Investments */,
				B0B766C71BEBA24F0045528D /* Properties */,
				B0B766C81BEBA2720045528D /* Goals&Tips */,
			);
			name = Model;
			sourceTree = "<group>";
		};
		B0F794C41BD6BEDD00BC69ED /* View */ = {
			isa = PBXGroup;
			children = (
				B0F794CE1BD6BF4E00BC69ED /* LaunchScreen.storyboard */,
				B0F794CD1BD6BF4E00BC69ED /* Main.storyboard */,
				B0C846801BD7F0B20092F8EC /* TopBarViewController.xib */,
				B0B766CC1BEBA3D40045528D /* HighRiskInvestment */,
				B0B766CD1BEBA5970045528D /* LowRiskInvestment */,
				B0B766CE1BEBA5C50045528D /* Properties */,
			);
			name = View;
			sourceTree = "<group>";
		};
		B0F794C51BD6BEE200BC69ED /* Controller */ = {
			isa = PBXGroup;
			children = (
				B0C8467F1BD7F0B20092F8EC /* TopBarViewController.swift */,
				B0B766C91BEBA2900045528D /* HighRiskInvestment */,
				B0B766CA1BEBA2B50045528D /* LowRiskInvestment */,
				B0B766CB1BEBA2EF0045528D /* Properties */,
			);
			name = Controller;
			sourceTree = "<group>";
		};
		B0F794C61BD6BF0B00BC69ED /* SupportingFiles */ = {
			isa = PBXGroup;
			children = (
				096FFA491BEC02A800232C22 /* EnterpriseImages */,
				F30E78621BDEA04200F6E833 /* CertificateOfDeposit.png */,
				F30E78641BDEA11000F6E833 /* InvestButton.png */,
				B0F794F71BD6BF6400BC69ED /* ArrowUp.png */,
				F30E78661BDEA11900F6E833 /* SavingAccount.png */,
				B0F794FD1BD6BF6400BC69ED /* closeButton.png */,
				B0F795001BD6BF6400BC69ED /* fast.png */,
				B0F795021BD6BF6400BC69ED /* bugSoftwareInc.png */,
				B0F795031BD6BF6400BC69ED /* goalsIcon.png */,
			);
			name = SupportingFiles;
			sourceTree = "<group>";
		};
/* End PBXGroup section */

/* Begin PBXNativeTarget section */
		B0F794AD1BD6BE8000BC69ED /* P.I.G */ = {
			isa = PBXNativeTarget;
			buildConfigurationList = B0F794C01BD6BE8000BC69ED /* Build configuration list for PBXNativeTarget "P.I.G" */;
			buildPhases = (
				B0F794AA1BD6BE8000BC69ED /* Sources */,
				B0F794AB1BD6BE8000BC69ED /* Frameworks */,
				B0F794AC1BD6BE8000BC69ED /* Resources */,
			);
			buildRules = (
			);
			dependencies = (
			);
			name = P.I.G;
			productName = P.I.G;
			productReference = B0F794AE1BD6BE8000BC69ED /* P.I.G.app */;
			productType = "com.apple.product-type.application";
		};
/* End PBXNativeTarget section */

/* Begin PBXProject section */
		B0F794A61BD6BE8000BC69ED /* Project object */ = {
			isa = PBXProject;
			attributes = {
				LastUpgradeCheck = 0700;
				ORGANIZATIONNAME = "Henrique do Prado Linhares";
				TargetAttributes = {
					B0F794AD1BD6BE8000BC69ED = {
						CreatedOnToolsVersion = 7.0.1;
						DevelopmentTeam = 9M8RSS5KWQ;
					};
				};
			};
			buildConfigurationList = B0F794A91BD6BE8000BC69ED /* Build configuration list for PBXProject "P.I.G" */;
			compatibilityVersion = "Xcode 3.2";
			developmentRegion = English;
			hasScannedForEncodings = 0;
			knownRegions = (
				en,
				Base,
			);
			mainGroup = B0F794A51BD6BE8000BC69ED;
			productRefGroup = B0F794AF1BD6BE8000BC69ED /* Products */;
			projectDirPath = "";
			projectRoot = "";
			targets = (
				B0F794AD1BD6BE8000BC69ED /* P.I.G */,
			);
		};
/* End PBXProject section */

/* Begin PBXResourcesBuildPhase section */
		B0F794AC1BD6BE8000BC69ED /* Resources */ = {
			isa = PBXResourcesBuildPhase;
			buildActionMask = 2147483647;
			files = (
				B0F794D61BD6BF4E00BC69ED /* InvestmentNotMadeVC.xib in Resources */,
				F30E78671BDEA11900F6E833 /* SavingAccount.png in Resources */,
				F30E78631BDEA04200F6E833 /* CertificateOfDeposit.png in Resources */,
				B0F7950A1BD6BF6400BC69ED /* closeButton.png in Resources */,
				B0F7950F1BD6BF6400BC69ED /* bugSoftwareInc.png in Resources */,
				B0B766C41BEB9C7C0045528D /* LRInvestmentTableViewCell.xib in Resources */,
				B0F795081BD6BF6400BC69ED /* news.jpg in Resources */,
				B0F7950B1BD6BF6400BC69ED /* building.jpg in Resources */,
				09D81EBE1BEBD06D00AB7719 /* PropertiesTableViewCell.xib in Resources */,
				B0F795071BD6BF6400BC69ED /* 14bis.jpg in Resources */,
				B0F794D31BD6BF4E00BC69ED /* LaunchScreen.storyboard in Resources */,
				F3E020BA1BE15131001C28E1 /* LowRiskInvestmentsVC.xib in Resources */,
				B0F795051BD6BF6400BC69ED /* bacompany.png in Resources */,
				B0F7950E1BD6BF6400BC69ED /* bank.gif in Resources */,
				093DE7C91BF0A45B0028345F /* HasPropertyViewController.xib in Resources */,
				B0F795041BD6BF6400BC69ED /* ArrowUp.png in Resources */,
				B0F794B91BD6BE8000BC69ED /* Assets.xcassets in Resources */,
				B0F7950D1BD6BF6400BC69ED /* fast.png in Resources */,
				B0C846821BD7F0B20092F8EC /* TopBarViewController.xib in Resources */,
				B0F7950C1BD6BF6400BC69ED /* everestOil.png in Resources */,
				F30E78651BDEA11000F6E833 /* InvestButton.png in Resources */,
				B041E5E41BD82A6000D2B44E /* Database.plist in Resources */,
				B0C8468A1BD7FD4F0092F8EC /* PropertiesVC.xib in Resources */,
				B0F794D51BD6BF4E00BC69ED /* HRInvestmentTableViewCell.xib in Resources */,
				096FFA4D1BEC084400232C22 /* BuyPropertyViewController.xib in Resources */,
				BE6A891D1BD94ECD006DFEAD /* InvestmentMadeVC.xib in Resources */,
				B0F794D21BD6BF4E00BC69ED /* Main.storyboard in Resources */,
				B0DF04EA1BDAABB70022DCB9 /* ColorBarViewController.xib in Resources */,
				B0F795101BD6BF6400BC69ED /* goalsIcon.png in Resources */,
				B0F795091BD6BF6400BC69ED /* elJuegoZone.png in Resources */,
				B0F794D41BD6BF4E00BC69ED /* HighRiskInvestmentsVC.xib in Resources */,
				B0F795061BD6BF6400BC69ED /* mrAlwaysYoung.jpg in Resources */,
			);
			runOnlyForDeploymentPostprocessing = 0;
		};
/* End PBXResourcesBuildPhase section */

/* Begin PBXSourcesBuildPhase section */
		B0F794AA1BD6BE8000BC69ED /* Sources */ = {
			isa = PBXSourcesBuildPhase;
			buildActionMask = 2147483647;
			files = (
				B0F794F11BD6BF5600BC69ED /* Property.swift in Sources */,
				B0F794B21BD6BE8000BC69ED /* AppDelegate.swift in Sources */,
				BE6A891C1BD94ECD006DFEAD /* InvestmentMadeVC.swift in Sources */,
				B0F794CB1BD6BF3100BC69ED /* HRInvestmentTableViewCell.swift in Sources */,
				B05616561BD822B7004E3B7D /* PlayerDAO.swift in Sources */,
				B0F794F01BD6BF5600BC69ED /* Tip.swift in Sources */,
				B0F794F21BD6BF5600BC69ED /* PropertyProperties.swift in Sources */,
				B03FBC701BEA54B700CEEC67 /* EnterprisesDAO.swift in Sources */,
				B0F794EB1BD6BF5600BC69ED /* Store.swift in Sources */,
				B0F794F51BD6BF5600BC69ED /* HighRiskInvestment.swift in Sources */,
				096FFA4C1BEC084400232C22 /* BuyPropertyViewController.swift in Sources */,
				B0F794F61BD6BF5600BC69ED /* Enterprise.swift in Sources */,
				B0DF04E81BDAABAF0022DCB9 /* ColorBarViewController.swift in Sources */,
				B0F794EE1BD6BF5600BC69ED /* Player.swift in Sources */,
				B0F794EA1BD6BF5600BC69ED /* EnterpriseProperties.swift in Sources */,
				09D81EBD1BEBD06D00AB7719 /* PropertiesTableViewCell.swift in Sources */,
				B05616581BD822ED004E3B7D /* PListManager.swift in Sources */,
				B0C846811BD7F0B20092F8EC /* TopBarViewController.swift in Sources */,
				B0F794CC1BD6BF3100BC69ED /* InvestmentNotMadeVC.swift in Sources */,
				B0C846851BD7FC610092F8EC /* LowRiskInvestmentsVC.swift in Sources */,
				B0F794F41BD6BF5600BC69ED /* LowRiskInvestment.swift in Sources */,
				B0B766C31BEB9C7C0045528D /* LRInvestmentTableViewCell.swift in Sources */,
				B0F794E81BD6BF5600BC69ED /* Timer.swift in Sources */,
				B0F794EF1BD6BF5600BC69ED /* Goal.swift in Sources */,
				B0F794F31BD6BF5600BC69ED /* Investment.swift in Sources */,
				B0F794ED1BD6BF5600BC69ED /* InvestmentManager.swift in Sources */,
				093DE7C81BF0A45B0028345F /* HasPropertyViewController.swift in Sources */,
				B0F794CA1BD6BF3100BC69ED /* HighRiskInvestmentsVC.swift in Sources */,
				BE6A89191BD94BE0006DFEAD /* EnterpriseValueUpdater.swift in Sources */,
				B0F794E71BD6BF5600BC69ED /* AppData.swift in Sources */,
				B0F794EC1BD6BF5600BC69ED /* GoalProperties.swift in Sources */,
				B0C846891BD7FD4F0092F8EC /* PropertiesVC.swift in Sources */,
			);
			runOnlyForDeploymentPostprocessing = 0;
		};
/* End PBXSourcesBuildPhase section */

/* Begin XCBuildConfiguration section */
		B0F794BE1BD6BE8000BC69ED /* Debug */ = {
			isa = XCBuildConfiguration;
			buildSettings = {
				ALWAYS_SEARCH_USER_PATHS = NO;
				CLANG_CXX_LANGUAGE_STANDARD = "gnu++0x";
				CLANG_CXX_LIBRARY = "libc++";
				CLANG_ENABLE_MODULES = YES;
				CLANG_ENABLE_OBJC_ARC = YES;
				CLANG_WARN_BOOL_CONVERSION = YES;
				CLANG_WARN_CONSTANT_CONVERSION = YES;
				CLANG_WARN_DIRECT_OBJC_ISA_USAGE = YES_ERROR;
				CLANG_WARN_EMPTY_BODY = YES;
				CLANG_WARN_ENUM_CONVERSION = YES;
				CLANG_WARN_INT_CONVERSION = YES;
				CLANG_WARN_OBJC_ROOT_CLASS = YES_ERROR;
				CLANG_WARN_UNREACHABLE_CODE = YES;
				CLANG_WARN__DUPLICATE_METHOD_MATCH = YES;
				CODE_SIGN_IDENTITY = "iPhone Developer: Henrique do Prado Linhares (D76Q52GVE9)";
				"CODE_SIGN_IDENTITY[sdk=iphoneos*]" = "iPhone Developer";
				COPY_PHASE_STRIP = NO;
				DEBUG_INFORMATION_FORMAT = dwarf;
				ENABLE_STRICT_OBJC_MSGSEND = YES;
				ENABLE_TESTABILITY = YES;
				GCC_C_LANGUAGE_STANDARD = gnu99;
				GCC_DYNAMIC_NO_PIC = NO;
				GCC_NO_COMMON_BLOCKS = YES;
				GCC_OPTIMIZATION_LEVEL = 0;
				GCC_PREPROCESSOR_DEFINITIONS = (
					"DEBUG=1",
					"$(inherited)",
				);
				GCC_WARN_64_TO_32_BIT_CONVERSION = YES;
				GCC_WARN_ABOUT_RETURN_TYPE = YES_ERROR;
				GCC_WARN_UNDECLARED_SELECTOR = YES;
				GCC_WARN_UNINITIALIZED_AUTOS = YES_AGGRESSIVE;
				GCC_WARN_UNUSED_FUNCTION = YES;
				GCC_WARN_UNUSED_VARIABLE = YES;
				IPHONEOS_DEPLOYMENT_TARGET = 9.0;
				MTL_ENABLE_DEBUG_INFO = YES;
				ONLY_ACTIVE_ARCH = YES;
				SDKROOT = iphoneos;
				SWIFT_OPTIMIZATION_LEVEL = "-Onone";
			};
			name = Debug;
		};
		B0F794BF1BD6BE8000BC69ED /* Release */ = {
			isa = XCBuildConfiguration;
			buildSettings = {
				ALWAYS_SEARCH_USER_PATHS = NO;
				CLANG_CXX_LANGUAGE_STANDARD = "gnu++0x";
				CLANG_CXX_LIBRARY = "libc++";
				CLANG_ENABLE_MODULES = YES;
				CLANG_ENABLE_OBJC_ARC = YES;
				CLANG_WARN_BOOL_CONVERSION = YES;
				CLANG_WARN_CONSTANT_CONVERSION = YES;
				CLANG_WARN_DIRECT_OBJC_ISA_USAGE = YES_ERROR;
				CLANG_WARN_EMPTY_BODY = YES;
				CLANG_WARN_ENUM_CONVERSION = YES;
				CLANG_WARN_INT_CONVERSION = YES;
				CLANG_WARN_OBJC_ROOT_CLASS = YES_ERROR;
				CLANG_WARN_UNREACHABLE_CODE = YES;
				CLANG_WARN__DUPLICATE_METHOD_MATCH = YES;
				CODE_SIGN_IDENTITY = "iPhone Developer: Henrique do Prado Linhares (D76Q52GVE9)";
				"CODE_SIGN_IDENTITY[sdk=iphoneos*]" = "iPhone Developer";
				COPY_PHASE_STRIP = NO;
				DEBUG_INFORMATION_FORMAT = "dwarf-with-dsym";
				ENABLE_NS_ASSERTIONS = NO;
				ENABLE_STRICT_OBJC_MSGSEND = YES;
				GCC_C_LANGUAGE_STANDARD = gnu99;
				GCC_NO_COMMON_BLOCKS = YES;
				GCC_WARN_64_TO_32_BIT_CONVERSION = YES;
				GCC_WARN_ABOUT_RETURN_TYPE = YES_ERROR;
				GCC_WARN_UNDECLARED_SELECTOR = YES;
				GCC_WARN_UNINITIALIZED_AUTOS = YES_AGGRESSIVE;
				GCC_WARN_UNUSED_FUNCTION = YES;
				GCC_WARN_UNUSED_VARIABLE = YES;
				IPHONEOS_DEPLOYMENT_TARGET = 9.0;
				MTL_ENABLE_DEBUG_INFO = NO;
				SDKROOT = iphoneos;
				VALIDATE_PRODUCT = YES;
			};
			name = Release;
		};
		B0F794C11BD6BE8000BC69ED /* Debug */ = {
			isa = XCBuildConfiguration;
			buildSettings = {
				ASSETCATALOG_COMPILER_APPICON_NAME = AppIcon;
				CODE_SIGN_IDENTITY = "iPhone Developer";
				"CODE_SIGN_IDENTITY[sdk=iphoneos*]" = "iPhone Developer";
				INFOPLIST_FILE = P.I.G/Info.plist;
				LD_RUNPATH_SEARCH_PATHS = "$(inherited) @executable_path/Frameworks";
				PRODUCT_BUNDLE_IDENTIFIER = "bepid.P-I-G";
				PRODUCT_NAME = "$(TARGET_NAME)";
				PROVISIONING_PROFILE = "";
			};
			name = Debug;
		};
		B0F794C21BD6BE8000BC69ED /* Release */ = {
			isa = XCBuildConfiguration;
			buildSettings = {
				ASSETCATALOG_COMPILER_APPICON_NAME = AppIcon;
				CODE_SIGN_IDENTITY = "iPhone Developer";
				"CODE_SIGN_IDENTITY[sdk=iphoneos*]" = "iPhone Developer";
				INFOPLIST_FILE = P.I.G/Info.plist;
				LD_RUNPATH_SEARCH_PATHS = "$(inherited) @executable_path/Frameworks";
				PRODUCT_BUNDLE_IDENTIFIER = "bepid.P-I-G";
				PRODUCT_NAME = "$(TARGET_NAME)";
				PROVISIONING_PROFILE = "";
			};
			name = Release;
		};
/* End XCBuildConfiguration section */

/* Begin XCConfigurationList section */
		B0F794A91BD6BE8000BC69ED /* Build configuration list for PBXProject "P.I.G" */ = {
			isa = XCConfigurationList;
			buildConfigurations = (
				B0F794BE1BD6BE8000BC69ED /* Debug */,
				B0F794BF1BD6BE8000BC69ED /* Release */,
			);
			defaultConfigurationIsVisible = 0;
			defaultConfigurationName = Release;
		};
		B0F794C01BD6BE8000BC69ED /* Build configuration list for PBXNativeTarget "P.I.G" */ = {
			isa = XCConfigurationList;
			buildConfigurations = (
				B0F794C11BD6BE8000BC69ED /* Debug */,
				B0F794C21BD6BE8000BC69ED /* Release */,
			);
			defaultConfigurationIsVisible = 0;
			defaultConfigurationName = Release;
		};
/* End XCConfigurationList section */
	};
	rootObject = B0F794A61BD6BE8000BC69ED /* Project object */;
}
